// !$*UTF8*$!
{
	archiveVersion = 1;
	classes = {
	};
	objectVersion = 56;
	objects = {

/* Begin PBXBuildFile section */
		26961A8E29EA21E40033CF37 /* AppDelegate.swift in Sources */ = {isa = PBXBuildFile; fileRef = 26961A8D29EA21E40033CF37 /* AppDelegate.swift */; };
		26961A9029EA21E40033CF37 /* SceneDelegate.swift in Sources */ = {isa = PBXBuildFile; fileRef = 26961A8F29EA21E40033CF37 /* SceneDelegate.swift */; };
		26961A9229EA21E40033CF37 /* ViewController.swift in Sources */ = {isa = PBXBuildFile; fileRef = 26961A9129EA21E40033CF37 /* ViewController.swift */; };
		26961A9529EA21E40033CF37 /* Main.storyboard in Resources */ = {isa = PBXBuildFile; fileRef = 26961A9329EA21E40033CF37 /* Main.storyboard */; };
		26961A9729EA21E50033CF37 /* Assets.xcassets in Resources */ = {isa = PBXBuildFile; fileRef = 26961A9629EA21E50033CF37 /* Assets.xcassets */; };
		26961A9A29EA21E50033CF37 /* LaunchScreen.storyboard in Resources */ = {isa = PBXBuildFile; fileRef = 26961A9829EA21E50033CF37 /* LaunchScreen.storyboard */; };
		26961AA229EA23DE0033CF37 /* AddWordsViewController.swift in Sources */ = {isa = PBXBuildFile; fileRef = 26961AA129EA23DE0033CF37 /* AddWordsViewController.swift */; };
		26961AA529EA2A220033CF37 /* Joke.xcdatamodeld in Sources */ = {isa = PBXBuildFile; fileRef = 26961AA329EA2A220033CF37 /* Joke.xcdatamodeld */; };
		26961AAC29EA2ACB0033CF37 /* Joke+CoreDataClass.swift in Sources */ = {isa = PBXBuildFile; fileRef = 26961AAA29EA2ACB0033CF37 /* Joke+CoreDataClass.swift */; };
		26961AAD29EA2ACB0033CF37 /* Joke+CoreDataProperties.swift in Sources */ = {isa = PBXBuildFile; fileRef = 26961AAB29EA2ACB0033CF37 /* Joke+CoreDataProperties.swift */; };
		26961AAF29EA2AE10033CF37 /* JokeModel.swift in Sources */ = {isa = PBXBuildFile; fileRef = 26961AAE29EA2AE10033CF37 /* JokeModel.swift */; };
		26961AB129EA47000033CF37 /* TwoViewController.swift in Sources */ = {isa = PBXBuildFile; fileRef = 26961AB029EA47000033CF37 /* TwoViewController.swift */; };
		26961AB329EA4A5F0033CF37 /* UpdateDelegate.swift in Sources */ = {isa = PBXBuildFile; fileRef = 26961AB229EA4A5F0033CF37 /* UpdateDelegate.swift */; };
		26961AB529EA4A7B0033CF37 /* CoreDataManager.swift in Sources */ = {isa = PBXBuildFile; fileRef = 26961AB429EA4A7B0033CF37 /* CoreDataManager.swift */; };
		26961AB729EA4D2E0033CF37 /* Example.swift in Sources */ = {isa = PBXBuildFile; fileRef = 26961AB629EA4D2E0033CF37 /* Example.swift */; };
/* End PBXBuildFile section */

/* Begin PBXFileReference section */
		26961A8A29EA21E40033CF37 /* week14.app */ = {isa = PBXFileReference; explicitFileType = wrapper.application; includeInIndex = 0; path = week14.app; sourceTree = BUILT_PRODUCTS_DIR; };
		26961A8D29EA21E40033CF37 /* AppDelegate.swift */ = {isa = PBXFileReference; lastKnownFileType = sourcecode.swift; path = AppDelegate.swift; sourceTree = "<group>"; };
		26961A8F29EA21E40033CF37 /* SceneDelegate.swift */ = {isa = PBXFileReference; lastKnownFileType = sourcecode.swift; path = SceneDelegate.swift; sourceTree = "<group>"; };
		26961A9129EA21E40033CF37 /* ViewController.swift */ = {isa = PBXFileReference; lastKnownFileType = sourcecode.swift; path = ViewController.swift; sourceTree = "<group>"; };
		26961A9429EA21E40033CF37 /* Base */ = {isa = PBXFileReference; lastKnownFileType = file.storyboard; name = Base; path = Base.lproj/Main.storyboard; sourceTree = "<group>"; };
		26961A9629EA21E50033CF37 /* Assets.xcassets */ = {isa = PBXFileReference; lastKnownFileType = folder.assetcatalog; path = Assets.xcassets; sourceTree = "<group>"; };
		26961A9929EA21E50033CF37 /* Base */ = {isa = PBXFileReference; lastKnownFileType = file.storyboard; name = Base; path = Base.lproj/LaunchScreen.storyboard; sourceTree = "<group>"; };
		26961A9B29EA21E50033CF37 /* Info.plist */ = {isa = PBXFileReference; lastKnownFileType = text.plist.xml; path = Info.plist; sourceTree = "<group>"; };
		26961AA129EA23DE0033CF37 /* AddWordsViewController.swift */ = {isa = PBXFileReference; lastKnownFileType = sourcecode.swift; path = AddWordsViewController.swift; sourceTree = "<group>"; };
		26961AA429EA2A220033CF37 /* Joke.xcdatamodel */ = {isa = PBXFileReference; lastKnownFileType = wrapper.xcdatamodel; path = Joke.xcdatamodel; sourceTree = "<group>"; };
		26961AAA29EA2ACB0033CF37 /* Joke+CoreDataClass.swift */ = {isa = PBXFileReference; lastKnownFileType = sourcecode.swift; name = "Joke+CoreDataClass.swift"; path = "week14/Joke+CoreDataClass.swift"; sourceTree = "<group>"; };
		26961AAB29EA2ACB0033CF37 /* Joke+CoreDataProperties.swift */ = {isa = PBXFileReference; lastKnownFileType = sourcecode.swift; name = "Joke+CoreDataProperties.swift"; path = "week14/Joke+CoreDataProperties.swift"; sourceTree = "<group>"; };
		26961AAE29EA2AE10033CF37 /* JokeModel.swift */ = {isa = PBXFileReference; lastKnownFileType = sourcecode.swift; path = JokeModel.swift; sourceTree = "<group>"; };
		26961AB029EA47000033CF37 /* TwoViewController.swift */ = {isa = PBXFileReference; lastKnownFileType = sourcecode.swift; path = TwoViewController.swift; sourceTree = "<group>"; };
		26961AB229EA4A5F0033CF37 /* UpdateDelegate.swift */ = {isa = PBXFileReference; lastKnownFileType = sourcecode.swift; path = UpdateDelegate.swift; sourceTree = "<group>"; };
		26961AB429EA4A7B0033CF37 /* CoreDataManager.swift */ = {isa = PBXFileReference; lastKnownFileType = sourcecode.swift; path = CoreDataManager.swift; sourceTree = "<group>"; };
		26961AB629EA4D2E0033CF37 /* Example.swift */ = {isa = PBXFileReference; lastKnownFileType = sourcecode.swift; path = Example.swift; sourceTree = "<group>"; };
/* End PBXFileReference section */

/* Begin PBXFrameworksBuildPhase section */
		26961A8729EA21E40033CF37 /* Frameworks */ = {
			isa = PBXFrameworksBuildPhase;
			buildActionMask = 2147483647;
			files = (
			);
			runOnlyForDeploymentPostprocessing = 0;
		};
/* End PBXFrameworksBuildPhase section */

/* Begin PBXGroup section */
		26961A8129EA21E40033CF37 = {
			isa = PBXGroup;
			children = (
				26961AAA29EA2ACB0033CF37 /* Joke+CoreDataClass.swift */,
				26961AAB29EA2ACB0033CF37 /* Joke+CoreDataProperties.swift */,
				26961A8C29EA21E40033CF37 /* week14 */,
				26961A8B29EA21E40033CF37 /* Products */,
			);
			sourceTree = "<group>";
		};
		26961A8B29EA21E40033CF37 /* Products */ = {
			isa = PBXGroup;
			children = (
				26961A8A29EA21E40033CF37 /* week14.app */,
			);
			name = Products;
			sourceTree = "<group>";
		};
		26961A8C29EA21E40033CF37 /* week14 */ = {
			isa = PBXGroup;
			children = (
				26961A8D29EA21E40033CF37 /* AppDelegate.swift */,
				26961A8F29EA21E40033CF37 /* SceneDelegate.swift */,
				26961A9129EA21E40033CF37 /* ViewController.swift */,
				26961AA329EA2A220033CF37 /* Joke.xcdatamodeld */,
				26961A9329EA21E40033CF37 /* Main.storyboard */,
				26961A9629EA21E50033CF37 /* Assets.xcassets */,
				26961A9829EA21E50033CF37 /* LaunchScreen.storyboard */,
				26961A9B29EA21E50033CF37 /* Info.plist */,
				26961AA129EA23DE0033CF37 /* AddWordsViewController.swift */,
				26961AAE29EA2AE10033CF37 /* JokeModel.swift */,
				26961AB029EA47000033CF37 /* TwoViewController.swift */,
				26961AB229EA4A5F0033CF37 /* UpdateDelegate.swift */,
				26961AB429EA4A7B0033CF37 /* CoreDataManager.swift */,
				26961AB629EA4D2E0033CF37 /* Example.swift */,
			);
			path = week14;
			sourceTree = "<group>";
		};
/* End PBXGroup section */

/* Begin PBXNativeTarget section */
		26961A8929EA21E40033CF37 /* week14 */ = {
			isa = PBXNativeTarget;
			buildConfigurationList = 26961A9E29EA21E50033CF37 /* Build configuration list for PBXNativeTarget "week14" */;
			buildPhases = (
				26961A8629EA21E40033CF37 /* Sources */,
				26961A8729EA21E40033CF37 /* Frameworks */,
				26961A8829EA21E40033CF37 /* Resources */,
			);
			buildRules = (
			);
			dependencies = (
			);
			name = week14;
			productName = week14;
			productReference = 26961A8A29EA21E40033CF37 /* week14.app */;
			productType = "com.apple.product-type.application";
		};
/* End PBXNativeTarget section */

/* Begin PBXProject section */
		26961A8229EA21E40033CF37 /* Project object */ = {
			isa = PBXProject;
			attributes = {
				BuildIndependentTargetsInParallel = 1;
				LastSwiftUpdateCheck = 1430;
				LastUpgradeCheck = 1430;
				TargetAttributes = {
					26961A8929EA21E40033CF37 = {
						CreatedOnToolsVersion = 14.3;
					};
				};
			};
			buildConfigurationList = 26961A8529EA21E40033CF37 /* Build configuration list for PBXProject "week14" */;
			compatibilityVersion = "Xcode 14.0";
			developmentRegion = en;
			hasScannedForEncodings = 0;
			knownRegions = (
				en,
				Base,
			);
			mainGroup = 26961A8129EA21E40033CF37;
			productRefGroup = 26961A8B29EA21E40033CF37 /* Products */;
			projectDirPath = "";
			projectRoot = "";
			targets = (
				26961A8929EA21E40033CF37 /* week14 */,
			);
		};
/* End PBXProject section */

/* Begin PBXResourcesBuildPhase section */
		26961A8829EA21E40033CF37 /* Resources */ = {
			isa = PBXResourcesBuildPhase;
			buildActionMask = 2147483647;
			files = (
				26961A9A29EA21E50033CF37 /* LaunchScreen.storyboard in Resources */,
				26961A9729EA21E50033CF37 /* Assets.xcassets in Resources */,
				26961A9529EA21E40033CF37 /* Main.storyboard in Resources */,
			);
			runOnlyForDeploymentPostprocessing = 0;
		};
/* End PBXResourcesBuildPhase section */

/* Begin PBXSourcesBuildPhase section */
		26961A8629EA21E40033CF37 /* Sources */ = {
			isa = PBXSourcesBuildPhase;
			buildActionMask = 2147483647;
			files = (
				26961AAC29EA2ACB0033CF37 /* Joke+CoreDataClass.swift in Sources */,
				26961AB329EA4A5F0033CF37 /* UpdateDelegate.swift in Sources */,
				26961A9229EA21E40033CF37 /* ViewController.swift in Sources */,
				26961AB129EA47000033CF37 /* TwoViewController.swift in Sources */,
				26961AA529EA2A220033CF37 /* Joke.xcdatamodeld in Sources */,
				26961A8E29EA21E40033CF37 /* AppDelegate.swift in Sources */,
				26961AAF29EA2AE10033CF37 /* JokeModel.swift in Sources */,
				26961AA229EA23DE0033CF37 /* AddWordsViewController.swift in Sources */,
				26961AB729EA4D2E0033CF37 /* Example.swift in Sources */,
				26961A9029EA21E40033CF37 /* SceneDelegate.swift in Sources */,
				26961AAD29EA2ACB0033CF37 /* Joke+CoreDataProperties.swift in Sources */,
				26961AB529EA4A7B0033CF37 /* CoreDataManager.swift in Sources */,
			);
			runOnlyForDeploymentPostprocessing = 0;
		};
/* End PBXSourcesBuildPhase section */

/* Begin PBXVariantGroup section */
		26961A9329EA21E40033CF37 /* Main.storyboard */ = {
			isa = PBXVariantGroup;
			children = (
				26961A9429EA21E40033CF37 /* Base */,
			);
			name = Main.storyboard;
			sourceTree = "<group>";
		};
		26961A9829EA21E50033CF37 /* LaunchScreen.storyboard */ = {
			isa = PBXVariantGroup;
			children = (
				26961A9929EA21E50033CF37 /* Base */,
			);
			name = LaunchScreen.storyboard;
			sourceTree = "<group>";
		};
/* End PBXVariantGroup section */

/* Begin XCBuildConfiguration section */
		26961A9C29EA21E50033CF37 /* Debug */ = {
			isa = XCBuildConfiguration;
			buildSettings = {
				ALWAYS_SEARCH_USER_PATHS = NO;
				CLANG_ANALYZER_NONNULL = YES;
				CLANG_ANALYZER_NUMBER_OBJECT_CONVERSION = YES_AGGRESSIVE;
				CLANG_CXX_LANGUAGE_STANDARD = "gnu++20";
				CLANG_ENABLE_MODULES = YES;
				CLANG_ENABLE_OBJC_ARC = YES;
				CLANG_ENABLE_OBJC_WEAK = YES;
				CLANG_WARN_BLOCK_CAPTURE_AUTORELEASING = YES;
				CLANG_WARN_BOOL_CONVERSION = YES;
				CLANG_WARN_COMMA = YES;
				CLANG_WARN_CONSTANT_CONVERSION = YES;
				CLANG_WARN_DEPRECATED_OBJC_IMPLEMENTATIONS = YES;
				CLANG_WARN_DIRECT_OBJC_ISA_USAGE = YES_ERROR;
				CLANG_WARN_DOCUMENTATION_COMMENTS = YES;
				CLANG_WARN_EMPTY_BODY = YES;
				CLANG_WARN_ENUM_CONVERSION = YES;
				CLANG_WARN_INFINITE_RECURSION = YES;
				CLANG_WARN_INT_CONVERSION = YES;
				CLANG_WARN_NON_LITERAL_NULL_CONVERSION = YES;
				CLANG_WARN_OBJC_IMPLICIT_RETAIN_SELF = YES;
				CLANG_WARN_OBJC_LITERAL_CONVERSION = YES;
				CLANG_WARN_OBJC_ROOT_CLASS = YES_ERROR;
				CLANG_WARN_QUOTED_INCLUDE_IN_FRAMEWORK_HEADER = YES;
				CLANG_WARN_RANGE_LOOP_ANALYSIS = YES;
				CLANG_WARN_STRICT_PROTOTYPES = YES;
				CLANG_WARN_SUSPICIOUS_MOVE = YES;
				CLANG_WARN_UNGUARDED_AVAILABILITY = YES_AGGRESSIVE;
				CLANG_WARN_UNREACHABLE_CODE = YES;
				CLANG_WARN__DUPLICATE_METHOD_MATCH = YES;
				COPY_PHASE_STRIP = NO;
				DEBUG_INFORMATION_FORMAT = dwarf;
				ENABLE_STRICT_OBJC_MSGSEND = YES;
				ENABLE_TESTABILITY = YES;
				GCC_C_LANGUAGE_STANDARD = gnu11;
				GCC_DYNAMIC_NO_PIC = NO;
				GCC_NO_COMMON_BLOCKS = YES;
				GCC_OPTIMIZATION_LEVEL = 0;
				GCC_PREPROCESSOR_DEFINITIONS = (
					"DEBUG=1",
					"$(inherited)",
				);
				GCC_WARN_64_TO_32_BIT_CONVERSION = YES;
				GCC_WARN_ABOUT_RETURN_TYPE = YES_ERROR;
				GCC_WARN_UNDECLARED_SELECTOR = YES;
				GCC_WARN_UNINITIALIZED_AUTOS = YES_AGGRESSIVE;
				GCC_WARN_UNUSED_FUNCTION = YES;
				GCC_WARN_UNUSED_VARIABLE = YES;
				IPHONEOS_DEPLOYMENT_TARGET = 16.4;
				MTL_ENABLE_DEBUG_INFO = INCLUDE_SOURCE;
				MTL_FAST_MATH = YES;
				ONLY_ACTIVE_ARCH = YES;
				SDKROOT = iphoneos;
				SWIFT_ACTIVE_COMPILATION_CONDITIONS = DEBUG;
				SWIFT_OPTIMIZATION_LEVEL = "-Onone";
			};
			name = Debug;
		};
		26961A9D29EA21E50033CF37 /* Release */ = {
			isa = XCBuildConfiguration;
			buildSettings = {
				ALWAYS_SEARCH_USER_PATHS = NO;
				CLANG_ANALYZER_NONNULL = YES;
				CLANG_ANALYZER_NUMBER_OBJECT_CONVERSION = YES_AGGRESSIVE;
				CLANG_CXX_LANGUAGE_STANDARD = "gnu++20";
				CLANG_ENABLE_MODULES = YES;
				CLANG_ENABLE_OBJC_ARC = YES;
				CLANG_ENABLE_OBJC_WEAK = YES;
				CLANG_WARN_BLOCK_CAPTURE_AUTORELEASING = YES;
				CLANG_WARN_BOOL_CONVERSION = YES;
				CLANG_WARN_COMMA = YES;
				CLANG_WARN_CONSTANT_CONVERSION = YES;
				CLANG_WARN_DEPRECATED_OBJC_IMPLEMENTATIONS = YES;
				CLANG_WARN_DIRECT_OBJC_ISA_USAGE = YES_ERROR;
				CLANG_WARN_DOCUMENTATION_COMMENTS = YES;
				CLANG_WARN_EMPTY_BODY = YES;
				CLANG_WARN_ENUM_CONVERSION = YES;
				CLANG_WARN_INFINITE_RECURSION = YES;
				CLANG_WARN_INT_CONVERSION = YES;
				CLANG_WARN_NON_LITERAL_NULL_CONVERSION = YES;
				CLANG_WARN_OBJC_IMPLICIT_RETAIN_SELF = YES;
				CLANG_WARN_OBJC_LITERAL_CONVERSION = YES;
				CLANG_WARN_OBJC_ROOT_CLASS = YES_ERROR;
				CLANG_WARN_QUOTED_INCLUDE_IN_FRAMEWORK_HEADER = YES;
				CLANG_WARN_RANGE_LOOP_ANALYSIS = YES;
				CLANG_WARN_STRICT_PROTOTYPES = YES;
				CLANG_WARN_SUSPICIOUS_MOVE = YES;
				CLANG_WARN_UNGUARDED_AVAILABILITY = YES_AGGRESSIVE;
				CLANG_WARN_UNREACHABLE_CODE = YES;
				CLANG_WARN__DUPLICATE_METHOD_MATCH = YES;
				COPY_PHASE_STRIP = NO;
				DEBUG_INFORMATION_FORMAT = "dwarf-with-dsym";
				ENABLE_NS_ASSERTIONS = NO;
				ENABLE_STRICT_OBJC_MSGSEND = YES;
				GCC_C_LANGUAGE_STANDARD = gnu11;
				GCC_NO_COMMON_BLOCKS = YES;
				GCC_WARN_64_TO_32_BIT_CONVERSION = YES;
				GCC_WARN_ABOUT_RETURN_TYPE = YES_ERROR;
				GCC_WARN_UNDECLARED_SELECTOR = YES;
				GCC_WARN_UNINITIALIZED_AUTOS = YES_AGGRESSIVE;
				GCC_WARN_UNUSED_FUNCTION = YES;
				GCC_WARN_UNUSED_VARIABLE = YES;
				IPHONEOS_DEPLOYMENT_TARGET = 16.4;
				MTL_ENABLE_DEBUG_INFO = NO;
				MTL_FAST_MATH = YES;
				SDKROOT = iphoneos;
				SWIFT_COMPILATION_MODE = wholemodule;
				SWIFT_OPTIMIZATION_LEVEL = "-O";
				VALIDATE_PRODUCT = YES;
			};
			name = Release;
		};
		26961A9F29EA21E50033CF37 /* Debug */ = {
			isa = XCBuildConfiguration;
			buildSettings = {
				ASSETCATALOG_COMPILER_APPICON_NAME = AppIcon;
				ASSETCATALOG_COMPILER_GLOBAL_ACCENT_COLOR_NAME = AccentColor;
				CODE_SIGN_STYLE = Automatic;
				CURRENT_PROJECT_VERSION = 1;
				DEVELOPMENT_TEAM = 58JZ3489C7;
				GENERATE_INFOPLIST_FILE = YES;
				INFOPLIST_FILE = week14/Info.plist;
				INFOPLIST_KEY_UIApplicationSupportsIndirectInputEvents = YES;
				INFOPLIST_KEY_UILaunchStoryboardName = LaunchScreen;
				INFOPLIST_KEY_UIMainStoryboardFile = Main;
				INFOPLIST_KEY_UISupportedInterfaceOrientations_iPad = "UIInterfaceOrientationPortrait UIInterfaceOrientationPortraitUpsideDown UIInterfaceOrientationLandscapeLeft UIInterfaceOrientationLandscapeRight";
				INFOPLIST_KEY_UISupportedInterfaceOrientations_iPhone = "UIInterfaceOrientationPortrait UIInterfaceOrientationLandscapeLeft UIInterfaceOrientationLandscapeRight";
				LD_RUNPATH_SEARCH_PATHS = (
					"$(inherited)",
					"@executable_path/Frameworks",
				);
				MARKETING_VERSION = 1.0;
				PRODUCT_BUNDLE_IDENTIFIER = com.minsu.week14;
				PRODUCT_NAME = "$(TARGET_NAME)";
				SWIFT_EMIT_LOC_STRINGS = YES;
				SWIFT_VERSION = 5.0;
				TARGETED_DEVICE_FAMILY = "1,2";
			};
			name = Debug;
		};
		26961AA029EA21E50033CF37 /* Release */ = {
			isa = XCBuildConfiguration;
			buildSettings = {
				ASSETCATALOG_COMPILER_APPICON_NAME = AppIcon;
				ASSETCATALOG_COMPILER_GLOBAL_ACCENT_COLOR_NAME = AccentColor;
				CODE_SIGN_STYLE = Automatic;
				CURRENT_PROJECT_VERSION = 1;
				DEVELOPMENT_TEAM = 58JZ3489C7;
				GENERATE_INFOPLIST_FILE = YES;
				INFOPLIST_FILE = week14/Info.plist;
				INFOPLIST_KEY_UIApplicationSupportsIndirectInputEvents = YES;
				INFOPLIST_KEY_UILaunchStoryboardName = LaunchScreen;
				INFOPLIST_KEY_UIMainStoryboardFile = Main;
				INFOPLIST_KEY_UISupportedInterfaceOrientations_iPad = "UIInterfaceOrientationPortrait UIInterfaceOrientationPortraitUpsideDown UIInterfaceOrientationLandscapeLeft UIInterfaceOrientationLandscapeRight";
				INFOPLIST_KEY_UISupportedInterfaceOrientations_iPhone = "UIInterfaceOrientationPortrait UIInterfaceOrientationLandscapeLeft UIInterfaceOrientationLandscapeRight";
				LD_RUNPATH_SEARCH_PATHS = (
					"$(inherited)",
					"@executable_path/Frameworks",
				);
				MARKETING_VERSION = 1.0;
				PRODUCT_BUNDLE_IDENTIFIER = com.minsu.week14;
				PRODUCT_NAME = "$(TARGET_NAME)";
				SWIFT_EMIT_LOC_STRINGS = YES;
				SWIFT_VERSION = 5.0;
				TARGETED_DEVICE_FAMILY = "1,2";
			};
			name = Release;
		};
/* End XCBuildConfiguration section */

/* Begin XCConfigurationList section */
		26961A8529EA21E40033CF37 /* Build configuration list for PBXProject "week14" */ = {
			isa = XCConfigurationList;
			buildConfigurations = (
				26961A9C29EA21E50033CF37 /* Debug */,
				26961A9D29EA21E50033CF37 /* Release */,
			);
			defaultConfigurationIsVisible = 0;
			defaultConfigurationName = Release;
		};
		26961A9E29EA21E50033CF37 /* Build configuration list for PBXNativeTarget "week14" */ = {
			isa = XCConfigurationList;
			buildConfigurations = (
				26961A9F29EA21E50033CF37 /* Debug */,
				26961AA029EA21E50033CF37 /* Release */,
			);
			defaultConfigurationIsVisible = 0;
			defaultConfigurationName = Release;
		};
/* End XCConfigurationList section */

/* Begin XCVersionGroup section */
		26961AA329EA2A220033CF37 /* Joke.xcdatamodeld */ = {
			isa = XCVersionGroup;
			children = (
				26961AA429EA2A220033CF37 /* Joke.xcdatamodel */,
			);
			currentVersion = 26961AA429EA2A220033CF37 /* Joke.xcdatamodel */;
			path = Joke.xcdatamodeld;
			sourceTree = "<group>";
			versionGroupType = wrapper.xcdatamodel;
		};
/* End XCVersionGroup section */
	};
	rootObject = 26961A8229EA21E40033CF37 /* Project object */;
}
