// !$*UTF8*$!
{
	archiveVersion = 1;
	classes = {
	};
	objectVersion = 56;
	objects = {

/* Begin PBXBuildFile section */
		AA39E56229FC97E800C51DEA /* AppDelegate.swift in Sources */ = {isa = PBXBuildFile; fileRef = AA39E56129FC97E800C51DEA /* AppDelegate.swift */; };
		AA39E56429FC97E800C51DEA /* SceneDelegate.swift in Sources */ = {isa = PBXBuildFile; fileRef = AA39E56329FC97E800C51DEA /* SceneDelegate.swift */; };
		AA39E56629FC97E800C51DEA /* ViewController.swift in Sources */ = {isa = PBXBuildFile; fileRef = AA39E56529FC97E800C51DEA /* ViewController.swift */; };
		AA39E56929FC97E800C51DEA /* Main.storyboard in Resources */ = {isa = PBXBuildFile; fileRef = AA39E56729FC97E800C51DEA /* Main.storyboard */; };
		AA39E56C29FC97E800C51DEA /* UIViewAnimation.xcdatamodeld in Sources */ = {isa = PBXBuildFile; fileRef = AA39E56A29FC97E800C51DEA /* UIViewAnimation.xcdatamodeld */; };
		AA39E56E29FC97E800C51DEA /* Assets.xcassets in Resources */ = {isa = PBXBuildFile; fileRef = AA39E56D29FC97E800C51DEA /* Assets.xcassets */; };
		AA39E57129FC97E800C51DEA /* LaunchScreen.storyboard in Resources */ = {isa = PBXBuildFile; fileRef = AA39E56F29FC97E800C51DEA /* LaunchScreen.storyboard */; };
/* End PBXBuildFile section */

/* Begin PBXContainerItemProxy section */
		AA39E57829FC97E900C51DEA /* PBXContainerItemProxy */ = {
			isa = PBXContainerItemProxy;
			containerPortal = AA39E55629FC97E800C51DEA /* Project object */;
			proxyType = 1;
			remoteGlobalIDString = AA39E55D29FC97E800C51DEA;
			remoteInfo = UIViewAnimation;
		};
		AA39E58229FC97E900C51DEA /* PBXContainerItemProxy */ = {
			isa = PBXContainerItemProxy;
			containerPortal = AA39E55629FC97E800C51DEA /* Project object */;
			proxyType = 1;
			remoteGlobalIDString = AA39E55D29FC97E800C51DEA;
			remoteInfo = UIViewAnimation;
		};
/* End PBXContainerItemProxy section */

/* Begin PBXFileReference section */
		AA39E55E29FC97E800C51DEA /* UIViewAnimation.app */ = {isa = PBXFileReference; explicitFileType = wrapper.application; includeInIndex = 0; path = UIViewAnimation.app; sourceTree = BUILT_PRODUCTS_DIR; };
		AA39E56129FC97E800C51DEA /* AppDelegate.swift */ = {isa = PBXFileReference; lastKnownFileType = sourcecode.swift; path = AppDelegate.swift; sourceTree = "<group>"; };
		AA39E56329FC97E800C51DEA /* SceneDelegate.swift */ = {isa = PBXFileReference; lastKnownFileType = sourcecode.swift; path = SceneDelegate.swift; sourceTree = "<group>"; };
		AA39E56529FC97E800C51DEA /* ViewController.swift */ = {isa = PBXFileReference; lastKnownFileType = sourcecode.swift; path = ViewController.swift; sourceTree = "<group>"; };
		AA39E56829FC97E800C51DEA /* Base */ = {isa = PBXFileReference; lastKnownFileType = file.storyboard; name = Base; path = Base.lproj/Main.storyboard; sourceTree = "<group>"; };
		AA39E56B29FC97E800C51DEA /* UIViewAnimation.xcdatamodel */ = {isa = PBXFileReference; lastKnownFileType = wrapper.xcdatamodel; path = UIViewAnimation.xcdatamodel; sourceTree = "<group>"; };
		AA39E56D29FC97E800C51DEA /* Assets.xcassets */ = {isa = PBXFileReference; lastKnownFileType = folder.assetcatalog; path = Assets.xcassets; sourceTree = "<group>"; };
		AA39E57029FC97E800C51DEA /* Base */ = {isa = PBXFileReference; lastKnownFileType = file.storyboard; name = Base; path = Base.lproj/LaunchScreen.storyboard; sourceTree = "<group>"; };
		AA39E57229FC97E800C51DEA /* Info.plist */ = {isa = PBXFileReference; lastKnownFileType = text.plist.xml; path = Info.plist; sourceTree = "<group>"; };
		AA39E57729FC97E900C51DEA /* UIViewAnimationTests.xctest */ = {isa = PBXFileReference; explicitFileType = wrapper.cfbundle; includeInIndex = 0; path = UIViewAnimationTests.xctest; sourceTree = BUILT_PRODUCTS_DIR; };
		AA39E58129FC97E900C51DEA /* UIViewAnimationUITests.xctest */ = {isa = PBXFileReference; explicitFileType = wrapper.cfbundle; includeInIndex = 0; path = UIViewAnimationUITests.xctest; sourceTree = BUILT_PRODUCTS_DIR; };
/* End PBXFileReference section */

/* Begin PBXFrameworksBuildPhase section */
		AA39E55B29FC97E800C51DEA /* Frameworks */ = {
			isa = PBXFrameworksBuildPhase;
			buildActionMask = 2147483647;
			files = (
			);
			runOnlyForDeploymentPostprocessing = 0;
		};
		AA39E57429FC97E900C51DEA /* Frameworks */ = {
			isa = PBXFrameworksBuildPhase;
			buildActionMask = 2147483647;
			files = (
			);
			runOnlyForDeploymentPostprocessing = 0;
		};
		AA39E57E29FC97E900C51DEA /* Frameworks */ = {
			isa = PBXFrameworksBuildPhase;
			buildActionMask = 2147483647;
			files = (
			);
			runOnlyForDeploymentPostprocessing = 0;
		};
/* End PBXFrameworksBuildPhase section */

/* Begin PBXGroup section */
		AA39E55529FC97E800C51DEA = {
			isa = PBXGroup;
			children = (
				AA39E56029FC97E800C51DEA /* UIViewAnimation */,
				AA39E55F29FC97E800C51DEA /* Products */,
			);
			sourceTree = "<group>";
		};
		AA39E55F29FC97E800C51DEA /* Products */ = {
			isa = PBXGroup;
			children = (
				AA39E55E29FC97E800C51DEA /* UIViewAnimation.app */,
				AA39E57729FC97E900C51DEA /* UIViewAnimationTests.xctest */,
				AA39E58129FC97E900C51DEA /* UIViewAnimationUITests.xctest */,
			);
			name = Products;
			sourceTree = "<group>";
		};
		AA39E56029FC97E800C51DEA /* UIViewAnimation */ = {
			isa = PBXGroup;
			children = (
				AA39E56129FC97E800C51DEA /* AppDelegate.swift */,
				AA39E56329FC97E800C51DEA /* SceneDelegate.swift */,
				AA39E56529FC97E800C51DEA /* ViewController.swift */,
				AA39E56729FC97E800C51DEA /* Main.storyboard */,
				AA39E56D29FC97E800C51DEA /* Assets.xcassets */,
				AA39E56F29FC97E800C51DEA /* LaunchScreen.storyboard */,
				AA39E57229FC97E800C51DEA /* Info.plist */,
				AA39E56A29FC97E800C51DEA /* UIViewAnimation.xcdatamodeld */,
			);
			path = UIViewAnimation;
			sourceTree = "<group>";
		};
/* End PBXGroup section */

/* Begin PBXNativeTarget section */
		AA39E55D29FC97E800C51DEA /* UIViewAnimation */ = {
			isa = PBXNativeTarget;
			buildConfigurationList = AA39E58B29FC97E900C51DEA /* Build configuration list for PBXNativeTarget "UIViewAnimation" */;
			buildPhases = (
				AA39E55A29FC97E800C51DEA /* Sources */,
				AA39E55B29FC97E800C51DEA /* Frameworks */,
				AA39E55C29FC97E800C51DEA /* Resources */,
			);
			buildRules = (
			);
			dependencies = (
			);
			name = UIViewAnimation;
			productName = UIViewAnimation;
			productReference = AA39E55E29FC97E800C51DEA /* UIViewAnimation.app */;
			productType = "com.apple.product-type.application";
		};
		AA39E57629FC97E900C51DEA /* UIViewAnimationTests */ = {
			isa = PBXNativeTarget;
			buildConfigurationList = AA39E58E29FC97E900C51DEA /* Build configuration list for PBXNativeTarget "UIViewAnimationTests" */;
			buildPhases = (
				AA39E57329FC97E900C51DEA /* Sources */,
				AA39E57429FC97E900C51DEA /* Frameworks */,
				AA39E57529FC97E900C51DEA /* Resources */,
			);
			buildRules = (
			);
			dependencies = (
				AA39E57929FC97E900C51DEA /* PBXTargetDependency */,
			);
			name = UIViewAnimationTests;
			productName = UIViewAnimationTests;
			productReference = AA39E57729FC97E900C51DEA /* UIViewAnimationTests.xctest */;
			productType = "com.apple.product-type.bundle.unit-test";
		};
		AA39E58029FC97E900C51DEA /* UIViewAnimationUITests */ = {
			isa = PBXNativeTarget;
			buildConfigurationList = AA39E59129FC97E900C51DEA /* Build configuration list for PBXNativeTarget "UIViewAnimationUITests" */;
			buildPhases = (
				AA39E57D29FC97E900C51DEA /* Sources */,
				AA39E57E29FC97E900C51DEA /* Frameworks */,
				AA39E57F29FC97E900C51DEA /* Resources */,
			);
			buildRules = (
			);
			dependencies = (
				AA39E58329FC97E900C51DEA /* PBXTargetDependency */,
			);
			name = UIViewAnimationUITests;
			productName = UIViewAnimationUITests;
			productReference = AA39E58129FC97E900C51DEA /* UIViewAnimationUITests.xctest */;
			productType = "com.apple.product-type.bundle.ui-testing";
		};
/* End PBXNativeTarget section */

/* Begin PBXProject section */
		AA39E55629FC97E800C51DEA /* Project object */ = {
			isa = PBXProject;
			attributes = {
				BuildIndependentTargetsInParallel = 1;
				LastSwiftUpdateCheck = 1420;
				LastUpgradeCheck = 1420;
				TargetAttributes = {
					AA39E55D29FC97E800C51DEA = {
						CreatedOnToolsVersion = 14.2;
					};
					AA39E57629FC97E900C51DEA = {
						CreatedOnToolsVersion = 14.2;
						TestTargetID = AA39E55D29FC97E800C51DEA;
					};
					AA39E58029FC97E900C51DEA = {
						CreatedOnToolsVersion = 14.2;
						TestTargetID = AA39E55D29FC97E800C51DEA;
					};
				};
			};
			buildConfigurationList = AA39E55929FC97E800C51DEA /* Build configuration list for PBXProject "UIViewAnimation" */;
			compatibilityVersion = "Xcode 14.0";
			developmentRegion = en;
			hasScannedForEncodings = 0;
			knownRegions = (
				en,
				Base,
			);
			mainGroup = AA39E55529FC97E800C51DEA;
			productRefGroup = AA39E55F29FC97E800C51DEA /* Products */;
			projectDirPath = "";
			projectRoot = "";
			targets = (
				AA39E55D29FC97E800C51DEA /* UIViewAnimation */,
				AA39E57629FC97E900C51DEA /* UIViewAnimationTests */,
				AA39E58029FC97E900C51DEA /* UIViewAnimationUITests */,
			);
		};
/* End PBXProject section */

/* Begin PBXResourcesBuildPhase section */
		AA39E55C29FC97E800C51DEA /* Resources */ = {
			isa = PBXResourcesBuildPhase;
			buildActionMask = 2147483647;
			files = (
				AA39E57129FC97E800C51DEA /* LaunchScreen.storyboard in Resources */,
				AA39E56E29FC97E800C51DEA /* Assets.xcassets in Resources */,
				AA39E56929FC97E800C51DEA /* Main.storyboard in Resources */,
			);
			runOnlyForDeploymentPostprocessing = 0;
		};
		AA39E57529FC97E900C51DEA /* Resources */ = {
			isa = PBXResourcesBuildPhase;
			buildActionMask = 2147483647;
			files = (
			);
			runOnlyForDeploymentPostprocessing = 0;
		};
		AA39E57F29FC97E900C51DEA /* Resources */ = {
			isa = PBXResourcesBuildPhase;
			buildActionMask = 2147483647;
			files = (
			);
			runOnlyForDeploymentPostprocessing = 0;
		};
/* End PBXResourcesBuildPhase section */

/* Begin PBXSourcesBuildPhase section */
		AA39E55A29FC97E800C51DEA /* Sources */ = {
			isa = PBXSourcesBuildPhase;
			buildActionMask = 2147483647;
			files = (
				AA39E56629FC97E800C51DEA /* ViewController.swift in Sources */,
				AA39E56C29FC97E800C51DEA /* UIViewAnimation.xcdatamodeld in Sources */,
				AA39E56229FC97E800C51DEA /* AppDelegate.swift in Sources */,
				AA39E56429FC97E800C51DEA /* SceneDelegate.swift in Sources */,
			);
			runOnlyForDeploymentPostprocessing = 0;
		};
		AA39E57329FC97E900C51DEA /* Sources */ = {
			isa = PBXSourcesBuildPhase;
			buildActionMask = 2147483647;
			files = (
			);
			runOnlyForDeploymentPostprocessing = 0;
		};
		AA39E57D29FC97E900C51DEA /* Sources */ = {
			isa = PBXSourcesBuildPhase;
			buildActionMask = 2147483647;
			files = (
			);
			runOnlyForDeploymentPostprocessing = 0;
		};
/* End PBXSourcesBuildPhase section */

/* Begin PBXTargetDependency section */
		AA39E57929FC97E900C51DEA /* PBXTargetDependency */ = {
			isa = PBXTargetDependency;
			target = AA39E55D29FC97E800C51DEA /* UIViewAnimation */;
			targetProxy = AA39E57829FC97E900C51DEA /* PBXContainerItemProxy */;
		};
		AA39E58329FC97E900C51DEA /* PBXTargetDependency */ = {
			isa = PBXTargetDependency;
			target = AA39E55D29FC97E800C51DEA /* UIViewAnimation */;
			targetProxy = AA39E58229FC97E900C51DEA /* PBXContainerItemProxy */;
		};
/* End PBXTargetDependency section */

/* Begin PBXVariantGroup section */
		AA39E56729FC97E800C51DEA /* Main.storyboard */ = {
			isa = PBXVariantGroup;
			children = (
				AA39E56829FC97E800C51DEA /* Base */,
			);
			name = Main.storyboard;
			sourceTree = "<group>";
		};
		AA39E56F29FC97E800C51DEA /* LaunchScreen.storyboard */ = {
			isa = PBXVariantGroup;
			children = (
				AA39E57029FC97E800C51DEA /* Base */,
			);
			name = LaunchScreen.storyboard;
			sourceTree = "<group>";
		};
/* End PBXVariantGroup section */

/* Begin XCBuildConfiguration section */
		AA39E58929FC97E900C51DEA /* Debug */ = {
			isa = XCBuildConfiguration;
			buildSettings = {
				ALWAYS_SEARCH_USER_PATHS = NO;
				CLANG_ANALYZER_NONNULL = YES;
				CLANG_ANALYZER_NUMBER_OBJECT_CONVERSION = YES_AGGRESSIVE;
				CLANG_CXX_LANGUAGE_STANDARD = "gnu++20";
				CLANG_ENABLE_MODULES = YES;
				CLANG_ENABLE_OBJC_ARC = YES;
				CLANG_ENABLE_OBJC_WEAK = YES;
				CLANG_WARN_BLOCK_CAPTURE_AUTORELEASING = YES;
				CLANG_WARN_BOOL_CONVERSION = YES;
				CLANG_WARN_COMMA = YES;
				CLANG_WARN_CONSTANT_CONVERSION = YES;
				CLANG_WARN_DEPRECATED_OBJC_IMPLEMENTATIONS = YES;
				CLANG_WARN_DIRECT_OBJC_ISA_USAGE = YES_ERROR;
				CLANG_WARN_DOCUMENTATION_COMMENTS = YES;
				CLANG_WARN_EMPTY_BODY = YES;
				CLANG_WARN_ENUM_CONVERSION = YES;
				CLANG_WARN_INFINITE_RECURSION = YES;
				CLANG_WARN_INT_CONVERSION = YES;
				CLANG_WARN_NON_LITERAL_NULL_CONVERSION = YES;
				CLANG_WARN_OBJC_IMPLICIT_RETAIN_SELF = YES;
				CLANG_WARN_OBJC_LITERAL_CONVERSION = YES;
				CLANG_WARN_OBJC_ROOT_CLASS = YES_ERROR;
				CLANG_WARN_QUOTED_INCLUDE_IN_FRAMEWORK_HEADER = YES;
				CLANG_WARN_RANGE_LOOP_ANALYSIS = YES;
				CLANG_WARN_STRICT_PROTOTYPES = YES;
				CLANG_WARN_SUSPICIOUS_MOVE = YES;
				CLANG_WARN_UNGUARDED_AVAILABILITY = YES_AGGRESSIVE;
				CLANG_WARN_UNREACHABLE_CODE = YES;
				CLANG_WARN__DUPLICATE_METHOD_MATCH = YES;
				COPY_PHASE_STRIP = NO;
				DEBUG_INFORMATION_FORMAT = dwarf;
				ENABLE_STRICT_OBJC_MSGSEND = YES;
				ENABLE_TESTABILITY = YES;
				GCC_C_LANGUAGE_STANDARD = gnu11;
				GCC_DYNAMIC_NO_PIC = NO;
				GCC_NO_COMMON_BLOCKS = YES;
				GCC_OPTIMIZATION_LEVEL = 0;
				GCC_PREPROCESSOR_DEFINITIONS = (
					"DEBUG=1",
					"$(inherited)",
				);
				GCC_WARN_64_TO_32_BIT_CONVERSION = YES;
				GCC_WARN_ABOUT_RETURN_TYPE = YES_ERROR;
				GCC_WARN_UNDECLARED_SELECTOR = YES;
				GCC_WARN_UNINITIALIZED_AUTOS = YES_AGGRESSIVE;
				GCC_WARN_UNUSED_FUNCTION = YES;
				GCC_WARN_UNUSED_VARIABLE = YES;
				IPHONEOS_DEPLOYMENT_TARGET = 16.2;
				MTL_ENABLE_DEBUG_INFO = INCLUDE_SOURCE;
				MTL_FAST_MATH = YES;
				ONLY_ACTIVE_ARCH = YES;
				SDKROOT = iphoneos;
				SWIFT_ACTIVE_COMPILATION_CONDITIONS = DEBUG;
				SWIFT_OPTIMIZATION_LEVEL = "-Onone";
			};
			name = Debug;
		};
		AA39E58A29FC97E900C51DEA /* Release */ = {
			isa = XCBuildConfiguration;
			buildSettings = {
				ALWAYS_SEARCH_USER_PATHS = NO;
				CLANG_ANALYZER_NONNULL = YES;
				CLANG_ANALYZER_NUMBER_OBJECT_CONVERSION = YES_AGGRESSIVE;
				CLANG_CXX_LANGUAGE_STANDARD = "gnu++20";
				CLANG_ENABLE_MODULES = YES;
				CLANG_ENABLE_OBJC_ARC = YES;
				CLANG_ENABLE_OBJC_WEAK = YES;
				CLANG_WARN_BLOCK_CAPTURE_AUTORELEASING = YES;
				CLANG_WARN_BOOL_CONVERSION = YES;
				CLANG_WARN_COMMA = YES;
				CLANG_WARN_CONSTANT_CONVERSION = YES;
				CLANG_WARN_DEPRECATED_OBJC_IMPLEMENTATIONS = YES;
				CLANG_WARN_DIRECT_OBJC_ISA_USAGE = YES_ERROR;
				CLANG_WARN_DOCUMENTATION_COMMENTS = YES;
				CLANG_WARN_EMPTY_BODY = YES;
				CLANG_WARN_ENUM_CONVERSION = YES;
				CLANG_WARN_INFINITE_RECURSION = YES;
				CLANG_WARN_INT_CONVERSION = YES;
				CLANG_WARN_NON_LITERAL_NULL_CONVERSION = YES;
				CLANG_WARN_OBJC_IMPLICIT_RETAIN_SELF = YES;
				CLANG_WARN_OBJC_LITERAL_CONVERSION = YES;
				CLANG_WARN_OBJC_ROOT_CLASS = YES_ERROR;
				CLANG_WARN_QUOTED_INCLUDE_IN_FRAMEWORK_HEADER = YES;
				CLANG_WARN_RANGE_LOOP_ANALYSIS = YES;
				CLANG_WARN_STRICT_PROTOTYPES = YES;
				CLANG_WARN_SUSPICIOUS_MOVE = YES;
				CLANG_WARN_UNGUARDED_AVAILABILITY = YES_AGGRESSIVE;
				CLANG_WARN_UNREACHABLE_CODE = YES;
				CLANG_WARN__DUPLICATE_METHOD_MATCH = YES;
				COPY_PHASE_STRIP = NO;
				DEBUG_INFORMATION_FORMAT = "dwarf-with-dsym";
				ENABLE_NS_ASSERTIONS = NO;
				ENABLE_STRICT_OBJC_MSGSEND = YES;
				GCC_C_LANGUAGE_STANDARD = gnu11;
				GCC_NO_COMMON_BLOCKS = YES;
				GCC_WARN_64_TO_32_BIT_CONVERSION = YES;
				GCC_WARN_ABOUT_RETURN_TYPE = YES_ERROR;
				GCC_WARN_UNDECLARED_SELECTOR = YES;
				GCC_WARN_UNINITIALIZED_AUTOS = YES_AGGRESSIVE;
				GCC_WARN_UNUSED_FUNCTION = YES;
				GCC_WARN_UNUSED_VARIABLE = YES;
				IPHONEOS_DEPLOYMENT_TARGET = 16.2;
				MTL_ENABLE_DEBUG_INFO = NO;
				MTL_FAST_MATH = YES;
				SDKROOT = iphoneos;
				SWIFT_COMPILATION_MODE = wholemodule;
				SWIFT_OPTIMIZATION_LEVEL = "-O";
				VALIDATE_PRODUCT = YES;
			};
			name = Release;
		};
		AA39E58C29FC97E900C51DEA /* Debug */ = {
			isa = XCBuildConfiguration;
			buildSettings = {
				ASSETCATALOG_COMPILER_APPICON_NAME = AppIcon;
				ASSETCATALOG_COMPILER_GLOBAL_ACCENT_COLOR_NAME = AccentColor;
				CODE_SIGN_STYLE = Automatic;
				CURRENT_PROJECT_VERSION = 1;
				GENERATE_INFOPLIST_FILE = YES;
				INFOPLIST_FILE = UIViewAnimation/Info.plist;
				INFOPLIST_KEY_UIApplicationSupportsIndirectInputEvents = YES;
				INFOPLIST_KEY_UILaunchStoryboardName = LaunchScreen;
				INFOPLIST_KEY_UIMainStoryboardFile = Main;
				INFOPLIST_KEY_UISupportedInterfaceOrientations_iPad = "UIInterfaceOrientationPortrait UIInterfaceOrientationPortraitUpsideDown UIInterfaceOrientationLandscapeLeft UIInterfaceOrientationLandscapeRight";
				INFOPLIST_KEY_UISupportedInterfaceOrientations_iPhone = "UIInterfaceOrientationPortrait UIInterfaceOrientationLandscapeLeft UIInterfaceOrientationLandscapeRight";
				LD_RUNPATH_SEARCH_PATHS = (
					"$(inherited)",
					"@executable_path/Frameworks",
				);
				MARKETING_VERSION = 1.0;
				PRODUCT_BUNDLE_IDENTIFIER = hrcho.UIViewAnimation;
				PRODUCT_NAME = "$(TARGET_NAME)";
				SWIFT_EMIT_LOC_STRINGS = YES;
				SWIFT_VERSION = 5.0;
				TARGETED_DEVICE_FAMILY = "1,2";
			};
			name = Debug;
		};
		AA39E58D29FC97E900C51DEA /* Release */ = {
			isa = XCBuildConfiguration;
			buildSettings = {
				ASSETCATALOG_COMPILER_APPICON_NAME = AppIcon;
				ASSETCATALOG_COMPILER_GLOBAL_ACCENT_COLOR_NAME = AccentColor;
				CODE_SIGN_STYLE = Automatic;
				CURRENT_PROJECT_VERSION = 1;
				GENERATE_INFOPLIST_FILE = YES;
				INFOPLIST_FILE = UIViewAnimation/Info.plist;
				INFOPLIST_KEY_UIApplicationSupportsIndirectInputEvents = YES;
				INFOPLIST_KEY_UILaunchStoryboardName = LaunchScreen;
				INFOPLIST_KEY_UIMainStoryboardFile = Main;
				INFOPLIST_KEY_UISupportedInterfaceOrientations_iPad = "UIInterfaceOrientationPortrait UIInterfaceOrientationPortraitUpsideDown UIInterfaceOrientationLandscapeLeft UIInterfaceOrientationLandscapeRight";
				INFOPLIST_KEY_UISupportedInterfaceOrientations_iPhone = "UIInterfaceOrientationPortrait UIInterfaceOrientationLandscapeLeft UIInterfaceOrientationLandscapeRight";
				LD_RUNPATH_SEARCH_PATHS = (
					"$(inherited)",
					"@executable_path/Frameworks",
				);
				MARKETING_VERSION = 1.0;
				PRODUCT_BUNDLE_IDENTIFIER = hrcho.UIViewAnimation;
				PRODUCT_NAME = "$(TARGET_NAME)";
				SWIFT_EMIT_LOC_STRINGS = YES;
				SWIFT_VERSION = 5.0;
				TARGETED_DEVICE_FAMILY = "1,2";
			};
			name = Release;
		};
		AA39E58F29FC97E900C51DEA /* Debug */ = {
			isa = XCBuildConfiguration;
			buildSettings = {
				ALWAYS_EMBED_SWIFT_STANDARD_LIBRARIES = YES;
				BUNDLE_LOADER = "$(TEST_HOST)";
				CODE_SIGN_STYLE = Automatic;
				CURRENT_PROJECT_VERSION = 1;
				GENERATE_INFOPLIST_FILE = YES;
				IPHONEOS_DEPLOYMENT_TARGET = 16.2;
				MARKETING_VERSION = 1.0;
				PRODUCT_BUNDLE_IDENTIFIER = hrcho.UIViewAnimationTests;
				PRODUCT_NAME = "$(TARGET_NAME)";
				SWIFT_EMIT_LOC_STRINGS = NO;
				SWIFT_VERSION = 5.0;
				TARGETED_DEVICE_FAMILY = "1,2";
				TEST_HOST = "$(BUILT_PRODUCTS_DIR)/UIViewAnimation.app/$(BUNDLE_EXECUTABLE_FOLDER_PATH)/UIViewAnimation";
			};
			name = Debug;
		};
		AA39E59029FC97E900C51DEA /* Release */ = {
			isa = XCBuildConfiguration;
			buildSettings = {
				ALWAYS_EMBED_SWIFT_STANDARD_LIBRARIES = YES;
				BUNDLE_LOADER = "$(TEST_HOST)";
				CODE_SIGN_STYLE = Automatic;
				CURRENT_PROJECT_VERSION = 1;
				GENERATE_INFOPLIST_FILE = YES;
				IPHONEOS_DEPLOYMENT_TARGET = 16.2;
				MARKETING_VERSION = 1.0;
				PRODUCT_BUNDLE_IDENTIFIER = hrcho.UIViewAnimationTests;
				PRODUCT_NAME = "$(TARGET_NAME)";
				SWIFT_EMIT_LOC_STRINGS = NO;
				SWIFT_VERSION = 5.0;
				TARGETED_DEVICE_FAMILY = "1,2";
				TEST_HOST = "$(BUILT_PRODUCTS_DIR)/UIViewAnimation.app/$(BUNDLE_EXECUTABLE_FOLDER_PATH)/UIViewAnimation";
			};
			name = Release;
		};
		AA39E59229FC97E900C51DEA /* Debug */ = {
			isa = XCBuildConfiguration;
			buildSettings = {
				ALWAYS_EMBED_SWIFT_STANDARD_LIBRARIES = YES;
				CODE_SIGN_STYLE = Automatic;
				CURRENT_PROJECT_VERSION = 1;
				GENERATE_INFOPLIST_FILE = YES;
				MARKETING_VERSION = 1.0;
				PRODUCT_BUNDLE_IDENTIFIER = hrcho.UIViewAnimationUITests;
				PRODUCT_NAME = "$(TARGET_NAME)";
				SWIFT_EMIT_LOC_STRINGS = NO;
				SWIFT_VERSION = 5.0;
				TARGETED_DEVICE_FAMILY = "1,2";
				TEST_TARGET_NAME = UIViewAnimation;
			};
			name = Debug;
		};
		AA39E59329FC97E900C51DEA /* Release */ = {
			isa = XCBuildConfiguration;
			buildSettings = {
				ALWAYS_EMBED_SWIFT_STANDARD_LIBRARIES = YES;
				CODE_SIGN_STYLE = Automatic;
				CURRENT_PROJECT_VERSION = 1;
				GENERATE_INFOPLIST_FILE = YES;
				MARKETING_VERSION = 1.0;
				PRODUCT_BUNDLE_IDENTIFIER = hrcho.UIViewAnimationUITests;
				PRODUCT_NAME = "$(TARGET_NAME)";
				SWIFT_EMIT_LOC_STRINGS = NO;
				SWIFT_VERSION = 5.0;
				TARGETED_DEVICE_FAMILY = "1,2";
				TEST_TARGET_NAME = UIViewAnimation;
			};
			name = Release;
		};
/* End XCBuildConfiguration section */

/* Begin XCConfigurationList section */
		AA39E55929FC97E800C51DEA /* Build configuration list for PBXProject "UIViewAnimation" */ = {
			isa = XCConfigurationList;
			buildConfigurations = (
				AA39E58929FC97E900C51DEA /* Debug */,
				AA39E58A29FC97E900C51DEA /* Release */,
			);
			defaultConfigurationIsVisible = 0;
			defaultConfigurationName = Release;
		};
		AA39E58B29FC97E900C51DEA /* Build configuration list for PBXNativeTarget "UIViewAnimation" */ = {
			isa = XCConfigurationList;
			buildConfigurations = (
				AA39E58C29FC97E900C51DEA /* Debug */,
				AA39E58D29FC97E900C51DEA /* Release */,
			);
			defaultConfigurationIsVisible = 0;
			defaultConfigurationName = Release;
		};
		AA39E58E29FC97E900C51DEA /* Build configuration list for PBXNativeTarget "UIViewAnimationTests" */ = {
			isa = XCConfigurationList;
			buildConfigurations = (
				AA39E58F29FC97E900C51DEA /* Debug */,
				AA39E59029FC97E900C51DEA /* Release */,
			);
			defaultConfigurationIsVisible = 0;
			defaultConfigurationName = Release;
		};
		AA39E59129FC97E900C51DEA /* Build configuration list for PBXNativeTarget "UIViewAnimationUITests" */ = {
			isa = XCConfigurationList;
			buildConfigurations = (
				AA39E59229FC97E900C51DEA /* Debug */,
				AA39E59329FC97E900C51DEA /* Release */,
			);
			defaultConfigurationIsVisible = 0;
			defaultConfigurationName = Release;
		};
/* End XCConfigurationList section */

/* Begin XCVersionGroup section */
		AA39E56A29FC97E800C51DEA /* UIViewAnimation.xcdatamodeld */ = {
			isa = XCVersionGroup;
			children = (
				AA39E56B29FC97E800C51DEA /* UIViewAnimation.xcdatamodel */,
			);
			currentVersion = AA39E56B29FC97E800C51DEA /* UIViewAnimation.xcdatamodel */;
			path = UIViewAnimation.xcdatamodeld;
			sourceTree = "<group>";
			versionGroupType = wrapper.xcdatamodel;
		};
/* End XCVersionGroup section */
	};
	rootObject = AA39E55629FC97E800C51DEA /* Project object */;
}
