// !$*UTF8*$!
{
	archiveVersion = 1;
	classes = {
	};
	objectVersion = 56;
	objects = {

/* Begin PBXBuildFile section */
		D0371A4A29EA455F006648C4 /* Joke+CoreDataClass.swift in Sources */ = {isa = PBXBuildFile; fileRef = D0371A4829EA455F006648C4 /* Joke+CoreDataClass.swift */; };
		D0371A4B29EA455F006648C4 /* Joke+CoreDataProperties.swift in Sources */ = {isa = PBXBuildFile; fileRef = D0371A4929EA455F006648C4 /* Joke+CoreDataProperties.swift */; };
		D0E9D18829EA398100063F90 /* AppDelegate.swift in Sources */ = {isa = PBXBuildFile; fileRef = D0E9D18729EA398100063F90 /* AppDelegate.swift */; };
		D0E9D18A29EA398100063F90 /* SceneDelegate.swift in Sources */ = {isa = PBXBuildFile; fileRef = D0E9D18929EA398100063F90 /* SceneDelegate.swift */; };
		D0E9D18C29EA398100063F90 /* HomeViewController.swift in Sources */ = {isa = PBXBuildFile; fileRef = D0E9D18B29EA398100063F90 /* HomeViewController.swift */; };
		D0E9D18F29EA398100063F90 /* Main.storyboard in Resources */ = {isa = PBXBuildFile; fileRef = D0E9D18D29EA398100063F90 /* Main.storyboard */; };
		D0E9D19129EA398200063F90 /* Assets.xcassets in Resources */ = {isa = PBXBuildFile; fileRef = D0E9D19029EA398200063F90 /* Assets.xcassets */; };
		D0E9D19429EA398200063F90 /* LaunchScreen.storyboard in Resources */ = {isa = PBXBuildFile; fileRef = D0E9D19229EA398200063F90 /* LaunchScreen.storyboard */; };
		D0E9D19C29EA3BC600063F90 /* InputViewController.swift in Sources */ = {isa = PBXBuildFile; fileRef = D0E9D19B29EA3BC600063F90 /* InputViewController.swift */; };
		D0E9D19F29EA3E0F00063F90 /* Joke.xcdatamodeld in Sources */ = {isa = PBXBuildFile; fileRef = D0E9D19D29EA3E0F00063F90 /* Joke.xcdatamodeld */; };
/* End PBXBuildFile section */

/* Begin PBXFileReference section */
		D0371A4829EA455F006648C4 /* Joke+CoreDataClass.swift */ = {isa = PBXFileReference; lastKnownFileType = sourcecode.swift; path = "Joke+CoreDataClass.swift"; sourceTree = "<group>"; };
		D0371A4929EA455F006648C4 /* Joke+CoreDataProperties.swift */ = {isa = PBXFileReference; lastKnownFileType = sourcecode.swift; path = "Joke+CoreDataProperties.swift"; sourceTree = "<group>"; };
		D0E9D18429EA398100063F90 /* CoreData.app */ = {isa = PBXFileReference; explicitFileType = wrapper.application; includeInIndex = 0; path = CoreData.app; sourceTree = BUILT_PRODUCTS_DIR; };
		D0E9D18729EA398100063F90 /* AppDelegate.swift */ = {isa = PBXFileReference; lastKnownFileType = sourcecode.swift; path = AppDelegate.swift; sourceTree = "<group>"; };
		D0E9D18929EA398100063F90 /* SceneDelegate.swift */ = {isa = PBXFileReference; lastKnownFileType = sourcecode.swift; path = SceneDelegate.swift; sourceTree = "<group>"; };
		D0E9D18B29EA398100063F90 /* HomeViewController.swift */ = {isa = PBXFileReference; lastKnownFileType = sourcecode.swift; path = HomeViewController.swift; sourceTree = "<group>"; };
		D0E9D18E29EA398100063F90 /* Base */ = {isa = PBXFileReference; lastKnownFileType = file.storyboard; name = Base; path = Base.lproj/Main.storyboard; sourceTree = "<group>"; };
		D0E9D19029EA398200063F90 /* Assets.xcassets */ = {isa = PBXFileReference; lastKnownFileType = folder.assetcatalog; path = Assets.xcassets; sourceTree = "<group>"; };
		D0E9D19329EA398200063F90 /* Base */ = {isa = PBXFileReference; lastKnownFileType = file.storyboard; name = Base; path = Base.lproj/LaunchScreen.storyboard; sourceTree = "<group>"; };
		D0E9D19529EA398200063F90 /* Info.plist */ = {isa = PBXFileReference; lastKnownFileType = text.plist.xml; path = Info.plist; sourceTree = "<group>"; };
		D0E9D19B29EA3BC600063F90 /* InputViewController.swift */ = {isa = PBXFileReference; lastKnownFileType = sourcecode.swift; path = InputViewController.swift; sourceTree = "<group>"; };
		D0E9D19E29EA3E0F00063F90 /* Joke.xcdatamodel */ = {isa = PBXFileReference; lastKnownFileType = wrapper.xcdatamodel; path = Joke.xcdatamodel; sourceTree = "<group>"; };
/* End PBXFileReference section */

/* Begin PBXFrameworksBuildPhase section */
		D0E9D18129EA398100063F90 /* Frameworks */ = {
			isa = PBXFrameworksBuildPhase;
			buildActionMask = 2147483647;
			files = (
			);
			runOnlyForDeploymentPostprocessing = 0;
		};
/* End PBXFrameworksBuildPhase section */

/* Begin PBXGroup section */
		D0E9D17B29EA398100063F90 = {
			isa = PBXGroup;
			children = (
				D0371A4829EA455F006648C4 /* Joke+CoreDataClass.swift */,
				D0371A4929EA455F006648C4 /* Joke+CoreDataProperties.swift */,
				D0E9D18629EA398100063F90 /* CoreData */,
				D0E9D18529EA398100063F90 /* Products */,
			);
			sourceTree = "<group>";
		};
		D0E9D18529EA398100063F90 /* Products */ = {
			isa = PBXGroup;
			children = (
				D0E9D18429EA398100063F90 /* CoreData.app */,
			);
			name = Products;
			sourceTree = "<group>";
		};
		D0E9D18629EA398100063F90 /* CoreData */ = {
			isa = PBXGroup;
			children = (
				D0E9D18729EA398100063F90 /* AppDelegate.swift */,
				D0E9D18929EA398100063F90 /* SceneDelegate.swift */,
				D0E9D18B29EA398100063F90 /* HomeViewController.swift */,
				D0E9D19B29EA3BC600063F90 /* InputViewController.swift */,
				D0E9D18D29EA398100063F90 /* Main.storyboard */,
				D0E9D19029EA398200063F90 /* Assets.xcassets */,
				D0E9D19229EA398200063F90 /* LaunchScreen.storyboard */,
				D0E9D19529EA398200063F90 /* Info.plist */,
				D0E9D19D29EA3E0F00063F90 /* Joke.xcdatamodeld */,
			);
			path = CoreData;
			sourceTree = "<group>";
		};
/* End PBXGroup section */

/* Begin PBXNativeTarget section */
		D0E9D18329EA398100063F90 /* CoreData */ = {
			isa = PBXNativeTarget;
			buildConfigurationList = D0E9D19829EA398200063F90 /* Build configuration list for PBXNativeTarget "CoreData" */;
			buildPhases = (
				D0E9D18029EA398100063F90 /* Sources */,
				D0E9D18129EA398100063F90 /* Frameworks */,
				D0E9D18229EA398100063F90 /* Resources */,
			);
			buildRules = (
			);
			dependencies = (
			);
			name = CoreData;
			productName = CoreData;
			productReference = D0E9D18429EA398100063F90 /* CoreData.app */;
			productType = "com.apple.product-type.application";
		};
/* End PBXNativeTarget section */

/* Begin PBXProject section */
		D0E9D17C29EA398100063F90 /* Project object */ = {
			isa = PBXProject;
			attributes = {
				BuildIndependentTargetsInParallel = 1;
				LastSwiftUpdateCheck = 1430;
				LastUpgradeCheck = 1430;
				TargetAttributes = {
					D0E9D18329EA398100063F90 = {
						CreatedOnToolsVersion = 14.3;
					};
				};
			};
			buildConfigurationList = D0E9D17F29EA398100063F90 /* Build configuration list for PBXProject "CoreData" */;
			compatibilityVersion = "Xcode 14.0";
			developmentRegion = en;
			hasScannedForEncodings = 0;
			knownRegions = (
				en,
				Base,
			);
			mainGroup = D0E9D17B29EA398100063F90;
			productRefGroup = D0E9D18529EA398100063F90 /* Products */;
			projectDirPath = "";
			projectRoot = "";
			targets = (
				D0E9D18329EA398100063F90 /* CoreData */,
			);
		};
/* End PBXProject section */

/* Begin PBXResourcesBuildPhase section */
		D0E9D18229EA398100063F90 /* Resources */ = {
			isa = PBXResourcesBuildPhase;
			buildActionMask = 2147483647;
			files = (
				D0E9D19429EA398200063F90 /* LaunchScreen.storyboard in Resources */,
				D0E9D19129EA398200063F90 /* Assets.xcassets in Resources */,
				D0E9D18F29EA398100063F90 /* Main.storyboard in Resources */,
			);
			runOnlyForDeploymentPostprocessing = 0;
		};
/* End PBXResourcesBuildPhase section */

/* Begin PBXSourcesBuildPhase section */
		D0E9D18029EA398100063F90 /* Sources */ = {
			isa = PBXSourcesBuildPhase;
			buildActionMask = 2147483647;
			files = (
				D0371A4A29EA455F006648C4 /* Joke+CoreDataClass.swift in Sources */,
				D0E9D18C29EA398100063F90 /* HomeViewController.swift in Sources */,
				D0E9D19F29EA3E0F00063F90 /* Joke.xcdatamodeld in Sources */,
				D0E9D18829EA398100063F90 /* AppDelegate.swift in Sources */,
				D0E9D18A29EA398100063F90 /* SceneDelegate.swift in Sources */,
				D0E9D19C29EA3BC600063F90 /* InputViewController.swift in Sources */,
				D0371A4B29EA455F006648C4 /* Joke+CoreDataProperties.swift in Sources */,
			);
			runOnlyForDeploymentPostprocessing = 0;
		};
/* End PBXSourcesBuildPhase section */

/* Begin PBXVariantGroup section */
		D0E9D18D29EA398100063F90 /* Main.storyboard */ = {
			isa = PBXVariantGroup;
			children = (
				D0E9D18E29EA398100063F90 /* Base */,
			);
			name = Main.storyboard;
			sourceTree = "<group>";
		};
		D0E9D19229EA398200063F90 /* LaunchScreen.storyboard */ = {
			isa = PBXVariantGroup;
			children = (
				D0E9D19329EA398200063F90 /* Base */,
			);
			name = LaunchScreen.storyboard;
			sourceTree = "<group>";
		};
/* End PBXVariantGroup section */

/* Begin XCBuildConfiguration section */
		D0E9D19629EA398200063F90 /* Debug */ = {
			isa = XCBuildConfiguration;
			buildSettings = {
				ALWAYS_SEARCH_USER_PATHS = NO;
				CLANG_ANALYZER_NONNULL = YES;
				CLANG_ANALYZER_NUMBER_OBJECT_CONVERSION = YES_AGGRESSIVE;
				CLANG_CXX_LANGUAGE_STANDARD = "gnu++20";
				CLANG_ENABLE_MODULES = YES;
				CLANG_ENABLE_OBJC_ARC = YES;
				CLANG_ENABLE_OBJC_WEAK = YES;
				CLANG_WARN_BLOCK_CAPTURE_AUTORELEASING = YES;
				CLANG_WARN_BOOL_CONVERSION = YES;
				CLANG_WARN_COMMA = YES;
				CLANG_WARN_CONSTANT_CONVERSION = YES;
				CLANG_WARN_DEPRECATED_OBJC_IMPLEMENTATIONS = YES;
				CLANG_WARN_DIRECT_OBJC_ISA_USAGE = YES_ERROR;
				CLANG_WARN_DOCUMENTATION_COMMENTS = YES;
				CLANG_WARN_EMPTY_BODY = YES;
				CLANG_WARN_ENUM_CONVERSION = YES;
				CLANG_WARN_INFINITE_RECURSION = YES;
				CLANG_WARN_INT_CONVERSION = YES;
				CLANG_WARN_NON_LITERAL_NULL_CONVERSION = YES;
				CLANG_WARN_OBJC_IMPLICIT_RETAIN_SELF = YES;
				CLANG_WARN_OBJC_LITERAL_CONVERSION = YES;
				CLANG_WARN_OBJC_ROOT_CLASS = YES_ERROR;
				CLANG_WARN_QUOTED_INCLUDE_IN_FRAMEWORK_HEADER = YES;
				CLANG_WARN_RANGE_LOOP_ANALYSIS = YES;
				CLANG_WARN_STRICT_PROTOTYPES = YES;
				CLANG_WARN_SUSPICIOUS_MOVE = YES;
				CLANG_WARN_UNGUARDED_AVAILABILITY = YES_AGGRESSIVE;
				CLANG_WARN_UNREACHABLE_CODE = YES;
				CLANG_WARN__DUPLICATE_METHOD_MATCH = YES;
				COPY_PHASE_STRIP = NO;
				DEBUG_INFORMATION_FORMAT = dwarf;
				ENABLE_STRICT_OBJC_MSGSEND = YES;
				ENABLE_TESTABILITY = YES;
				GCC_C_LANGUAGE_STANDARD = gnu11;
				GCC_DYNAMIC_NO_PIC = NO;
				GCC_NO_COMMON_BLOCKS = YES;
				GCC_OPTIMIZATION_LEVEL = 0;
				GCC_PREPROCESSOR_DEFINITIONS = (
					"DEBUG=1",
					"$(inherited)",
				);
				GCC_WARN_64_TO_32_BIT_CONVERSION = YES;
				GCC_WARN_ABOUT_RETURN_TYPE = YES_ERROR;
				GCC_WARN_UNDECLARED_SELECTOR = YES;
				GCC_WARN_UNINITIALIZED_AUTOS = YES_AGGRESSIVE;
				GCC_WARN_UNUSED_FUNCTION = YES;
				GCC_WARN_UNUSED_VARIABLE = YES;
				IPHONEOS_DEPLOYMENT_TARGET = 16.4;
				MTL_ENABLE_DEBUG_INFO = INCLUDE_SOURCE;
				MTL_FAST_MATH = YES;
				ONLY_ACTIVE_ARCH = YES;
				SDKROOT = iphoneos;
				SWIFT_ACTIVE_COMPILATION_CONDITIONS = DEBUG;
				SWIFT_OPTIMIZATION_LEVEL = "-Onone";
			};
			name = Debug;
		};
		D0E9D19729EA398200063F90 /* Release */ = {
			isa = XCBuildConfiguration;
			buildSettings = {
				ALWAYS_SEARCH_USER_PATHS = NO;
				CLANG_ANALYZER_NONNULL = YES;
				CLANG_ANALYZER_NUMBER_OBJECT_CONVERSION = YES_AGGRESSIVE;
				CLANG_CXX_LANGUAGE_STANDARD = "gnu++20";
				CLANG_ENABLE_MODULES = YES;
				CLANG_ENABLE_OBJC_ARC = YES;
				CLANG_ENABLE_OBJC_WEAK = YES;
				CLANG_WARN_BLOCK_CAPTURE_AUTORELEASING = YES;
				CLANG_WARN_BOOL_CONVERSION = YES;
				CLANG_WARN_COMMA = YES;
				CLANG_WARN_CONSTANT_CONVERSION = YES;
				CLANG_WARN_DEPRECATED_OBJC_IMPLEMENTATIONS = YES;
				CLANG_WARN_DIRECT_OBJC_ISA_USAGE = YES_ERROR;
				CLANG_WARN_DOCUMENTATION_COMMENTS = YES;
				CLANG_WARN_EMPTY_BODY = YES;
				CLANG_WARN_ENUM_CONVERSION = YES;
				CLANG_WARN_INFINITE_RECURSION = YES;
				CLANG_WARN_INT_CONVERSION = YES;
				CLANG_WARN_NON_LITERAL_NULL_CONVERSION = YES;
				CLANG_WARN_OBJC_IMPLICIT_RETAIN_SELF = YES;
				CLANG_WARN_OBJC_LITERAL_CONVERSION = YES;
				CLANG_WARN_OBJC_ROOT_CLASS = YES_ERROR;
				CLANG_WARN_QUOTED_INCLUDE_IN_FRAMEWORK_HEADER = YES;
				CLANG_WARN_RANGE_LOOP_ANALYSIS = YES;
				CLANG_WARN_STRICT_PROTOTYPES = YES;
				CLANG_WARN_SUSPICIOUS_MOVE = YES;
				CLANG_WARN_UNGUARDED_AVAILABILITY = YES_AGGRESSIVE;
				CLANG_WARN_UNREACHABLE_CODE = YES;
				CLANG_WARN__DUPLICATE_METHOD_MATCH = YES;
				COPY_PHASE_STRIP = NO;
				DEBUG_INFORMATION_FORMAT = "dwarf-with-dsym";
				ENABLE_NS_ASSERTIONS = NO;
				ENABLE_STRICT_OBJC_MSGSEND = YES;
				GCC_C_LANGUAGE_STANDARD = gnu11;
				GCC_NO_COMMON_BLOCKS = YES;
				GCC_WARN_64_TO_32_BIT_CONVERSION = YES;
				GCC_WARN_ABOUT_RETURN_TYPE = YES_ERROR;
				GCC_WARN_UNDECLARED_SELECTOR = YES;
				GCC_WARN_UNINITIALIZED_AUTOS = YES_AGGRESSIVE;
				GCC_WARN_UNUSED_FUNCTION = YES;
				GCC_WARN_UNUSED_VARIABLE = YES;
				IPHONEOS_DEPLOYMENT_TARGET = 16.4;
				MTL_ENABLE_DEBUG_INFO = NO;
				MTL_FAST_MATH = YES;
				SDKROOT = iphoneos;
				SWIFT_COMPILATION_MODE = wholemodule;
				SWIFT_OPTIMIZATION_LEVEL = "-O";
				VALIDATE_PRODUCT = YES;
			};
			name = Release;
		};
		D0E9D19929EA398200063F90 /* Debug */ = {
			isa = XCBuildConfiguration;
			buildSettings = {
				ASSETCATALOG_COMPILER_APPICON_NAME = AppIcon;
				ASSETCATALOG_COMPILER_GLOBAL_ACCENT_COLOR_NAME = AccentColor;
				CODE_SIGN_STYLE = Automatic;
				CURRENT_PROJECT_VERSION = 1;
				DEVELOPMENT_TEAM = U7WG3SYKJM;
				GENERATE_INFOPLIST_FILE = YES;
				INFOPLIST_FILE = CoreData/Info.plist;
				INFOPLIST_KEY_UIApplicationSupportsIndirectInputEvents = YES;
				INFOPLIST_KEY_UILaunchStoryboardName = LaunchScreen;
				INFOPLIST_KEY_UIMainStoryboardFile = Main;
				INFOPLIST_KEY_UISupportedInterfaceOrientations_iPad = "UIInterfaceOrientationPortrait UIInterfaceOrientationPortraitUpsideDown UIInterfaceOrientationLandscapeLeft UIInterfaceOrientationLandscapeRight";
				INFOPLIST_KEY_UISupportedInterfaceOrientations_iPhone = "UIInterfaceOrientationPortrait UIInterfaceOrientationLandscapeLeft UIInterfaceOrientationLandscapeRight";
				LD_RUNPATH_SEARCH_PATHS = (
					"$(inherited)",
					"@executable_path/Frameworks",
				);
				MARKETING_VERSION = 1.0;
				PRODUCT_BUNDLE_IDENTIFIER = com.jinahpark.CoreData;
				PRODUCT_NAME = "$(TARGET_NAME)";
				SWIFT_EMIT_LOC_STRINGS = YES;
				SWIFT_VERSION = 5.0;
				TARGETED_DEVICE_FAMILY = "1,2";
			};
			name = Debug;
		};
		D0E9D19A29EA398200063F90 /* Release */ = {
			isa = XCBuildConfiguration;
			buildSettings = {
				ASSETCATALOG_COMPILER_APPICON_NAME = AppIcon;
				ASSETCATALOG_COMPILER_GLOBAL_ACCENT_COLOR_NAME = AccentColor;
				CODE_SIGN_STYLE = Automatic;
				CURRENT_PROJECT_VERSION = 1;
				DEVELOPMENT_TEAM = U7WG3SYKJM;
				GENERATE_INFOPLIST_FILE = YES;
				INFOPLIST_FILE = CoreData/Info.plist;
				INFOPLIST_KEY_UIApplicationSupportsIndirectInputEvents = YES;
				INFOPLIST_KEY_UILaunchStoryboardName = LaunchScreen;
				INFOPLIST_KEY_UIMainStoryboardFile = Main;
				INFOPLIST_KEY_UISupportedInterfaceOrientations_iPad = "UIInterfaceOrientationPortrait UIInterfaceOrientationPortraitUpsideDown UIInterfaceOrientationLandscapeLeft UIInterfaceOrientationLandscapeRight";
				INFOPLIST_KEY_UISupportedInterfaceOrientations_iPhone = "UIInterfaceOrientationPortrait UIInterfaceOrientationLandscapeLeft UIInterfaceOrientationLandscapeRight";
				LD_RUNPATH_SEARCH_PATHS = (
					"$(inherited)",
					"@executable_path/Frameworks",
				);
				MARKETING_VERSION = 1.0;
				PRODUCT_BUNDLE_IDENTIFIER = com.jinahpark.CoreData;
				PRODUCT_NAME = "$(TARGET_NAME)";
				SWIFT_EMIT_LOC_STRINGS = YES;
				SWIFT_VERSION = 5.0;
				TARGETED_DEVICE_FAMILY = "1,2";
			};
			name = Release;
		};
/* End XCBuildConfiguration section */

/* Begin XCConfigurationList section */
		D0E9D17F29EA398100063F90 /* Build configuration list for PBXProject "CoreData" */ = {
			isa = XCConfigurationList;
			buildConfigurations = (
				D0E9D19629EA398200063F90 /* Debug */,
				D0E9D19729EA398200063F90 /* Release */,
			);
			defaultConfigurationIsVisible = 0;
			defaultConfigurationName = Release;
		};
		D0E9D19829EA398200063F90 /* Build configuration list for PBXNativeTarget "CoreData" */ = {
			isa = XCConfigurationList;
			buildConfigurations = (
				D0E9D19929EA398200063F90 /* Debug */,
				D0E9D19A29EA398200063F90 /* Release */,
			);
			defaultConfigurationIsVisible = 0;
			defaultConfigurationName = Release;
		};
/* End XCConfigurationList section */

/* Begin XCVersionGroup section */
		D0E9D19D29EA3E0F00063F90 /* Joke.xcdatamodeld */ = {
			isa = XCVersionGroup;
			children = (
				D0E9D19E29EA3E0F00063F90 /* Joke.xcdatamodel */,
			);
			currentVersion = D0E9D19E29EA3E0F00063F90 /* Joke.xcdatamodel */;
			path = Joke.xcdatamodeld;
			sourceTree = "<group>";
			versionGroupType = wrapper.xcdatamodel;
		};
/* End XCVersionGroup section */
	};
	rootObject = D0E9D17C29EA398100063F90 /* Project object */;
}
