// !$*UTF8*$!
{
	archiveVersion = 1;
	classes = {
	};
	objectVersion = 56;
	objects = {

/* Begin PBXBuildFile section */
		D05EDCEB29A9993500C70443 /* AppDelegate.swift in Sources */ = {isa = PBXBuildFile; fileRef = D05EDCEA29A9993500C70443 /* AppDelegate.swift */; };
		D05EDCED29A9993500C70443 /* SceneDelegate.swift in Sources */ = {isa = PBXBuildFile; fileRef = D05EDCEC29A9993500C70443 /* SceneDelegate.swift */; };
		D05EDCEF29A9993500C70443 /* ViewController.swift in Sources */ = {isa = PBXBuildFile; fileRef = D05EDCEE29A9993500C70443 /* ViewController.swift */; };
		D05EDCF229A9993500C70443 /* Main.storyboard in Resources */ = {isa = PBXBuildFile; fileRef = D05EDCF029A9993500C70443 /* Main.storyboard */; };
		D05EDCF429A9993700C70443 /* Assets.xcassets in Resources */ = {isa = PBXBuildFile; fileRef = D05EDCF329A9993700C70443 /* Assets.xcassets */; };
		D05EDCF729A9993700C70443 /* LaunchScreen.storyboard in Resources */ = {isa = PBXBuildFile; fileRef = D05EDCF529A9993700C70443 /* LaunchScreen.storyboard */; };
		D05EDD0329A9A25F00C70443 /* FoodType.swift in Sources */ = {isa = PBXBuildFile; fileRef = D05EDD0229A9A25F00C70443 /* FoodType.swift */; };
		D05EDD0529A9AE6600C70443 /* CustomTableViewCell.swift in Sources */ = {isa = PBXBuildFile; fileRef = D05EDD0429A9AE6600C70443 /* CustomTableViewCell.swift */; };
		D05EDD0729A9E06500C70443 /* Menu.swift in Sources */ = {isa = PBXBuildFile; fileRef = D05EDD0629A9E06500C70443 /* Menu.swift */; };
/* End PBXBuildFile section */

/* Begin PBXFileReference section */
		D05EDCE729A9993500C70443 /* tableview_workspace.app */ = {isa = PBXFileReference; explicitFileType = wrapper.application; includeInIndex = 0; path = tableview_workspace.app; sourceTree = BUILT_PRODUCTS_DIR; };
		D05EDCEA29A9993500C70443 /* AppDelegate.swift */ = {isa = PBXFileReference; lastKnownFileType = sourcecode.swift; path = AppDelegate.swift; sourceTree = "<group>"; };
		D05EDCEC29A9993500C70443 /* SceneDelegate.swift */ = {isa = PBXFileReference; lastKnownFileType = sourcecode.swift; path = SceneDelegate.swift; sourceTree = "<group>"; };
		D05EDCEE29A9993500C70443 /* ViewController.swift */ = {isa = PBXFileReference; lastKnownFileType = sourcecode.swift; path = ViewController.swift; sourceTree = "<group>"; };
		D05EDCF129A9993500C70443 /* Base */ = {isa = PBXFileReference; lastKnownFileType = file.storyboard; name = Base; path = Base.lproj/Main.storyboard; sourceTree = "<group>"; };
		D05EDCF329A9993700C70443 /* Assets.xcassets */ = {isa = PBXFileReference; lastKnownFileType = folder.assetcatalog; path = Assets.xcassets; sourceTree = "<group>"; };
		D05EDCF629A9993700C70443 /* Base */ = {isa = PBXFileReference; lastKnownFileType = file.storyboard; name = Base; path = Base.lproj/LaunchScreen.storyboard; sourceTree = "<group>"; };
		D05EDCF829A9993700C70443 /* Info.plist */ = {isa = PBXFileReference; lastKnownFileType = text.plist.xml; path = Info.plist; sourceTree = "<group>"; };
		D05EDD0229A9A25F00C70443 /* FoodType.swift */ = {isa = PBXFileReference; lastKnownFileType = sourcecode.swift; path = FoodType.swift; sourceTree = "<group>"; };
		D05EDD0429A9AE6600C70443 /* CustomTableViewCell.swift */ = {isa = PBXFileReference; lastKnownFileType = sourcecode.swift; path = CustomTableViewCell.swift; sourceTree = "<group>"; };
		D05EDD0629A9E06500C70443 /* Menu.swift */ = {isa = PBXFileReference; lastKnownFileType = sourcecode.swift; path = Menu.swift; sourceTree = "<group>"; };
/* End PBXFileReference section */

/* Begin PBXFrameworksBuildPhase section */
		D05EDCE429A9993500C70443 /* Frameworks */ = {
			isa = PBXFrameworksBuildPhase;
			buildActionMask = 2147483647;
			files = (
			);
			runOnlyForDeploymentPostprocessing = 0;
		};
/* End PBXFrameworksBuildPhase section */

/* Begin PBXGroup section */
		D05EDCDE29A9993500C70443 = {
			isa = PBXGroup;
			children = (
				D05EDCE929A9993500C70443 /* tableview_workspace */,
				D05EDCE829A9993500C70443 /* Products */,
			);
			sourceTree = "<group>";
		};
		D05EDCE829A9993500C70443 /* Products */ = {
			isa = PBXGroup;
			children = (
				D05EDCE729A9993500C70443 /* tableview_workspace.app */,
			);
			name = Products;
			sourceTree = "<group>";
		};
		D05EDCE929A9993500C70443 /* tableview_workspace */ = {
			isa = PBXGroup;
			children = (
				D05EDCEA29A9993500C70443 /* AppDelegate.swift */,
				D05EDCEC29A9993500C70443 /* SceneDelegate.swift */,
				D05EDCEE29A9993500C70443 /* ViewController.swift */,
				D05EDCF029A9993500C70443 /* Main.storyboard */,
				D05EDCF329A9993700C70443 /* Assets.xcassets */,
				D05EDCF529A9993700C70443 /* LaunchScreen.storyboard */,
				D05EDCF829A9993700C70443 /* Info.plist */,
				D05EDD0229A9A25F00C70443 /* FoodType.swift */,
				D05EDD0629A9E06500C70443 /* Menu.swift */,
				D05EDD0429A9AE6600C70443 /* CustomTableViewCell.swift */,
			);
			path = tableview_workspace;
			sourceTree = "<group>";
		};
/* End PBXGroup section */

/* Begin PBXNativeTarget section */
		D05EDCE629A9993500C70443 /* tableview_workspace */ = {
			isa = PBXNativeTarget;
			buildConfigurationList = D05EDCFB29A9993700C70443 /* Build configuration list for PBXNativeTarget "tableview_workspace" */;
			buildPhases = (
				D05EDCE329A9993500C70443 /* Sources */,
				D05EDCE429A9993500C70443 /* Frameworks */,
				D05EDCE529A9993500C70443 /* Resources */,
			);
			buildRules = (
			);
			dependencies = (
			);
			name = tableview_workspace;
			productName = tableview_workspace;
			productReference = D05EDCE729A9993500C70443 /* tableview_workspace.app */;
			productType = "com.apple.product-type.application";
		};
/* End PBXNativeTarget section */

/* Begin PBXProject section */
		D05EDCDF29A9993500C70443 /* Project object */ = {
			isa = PBXProject;
			attributes = {
				BuildIndependentTargetsInParallel = 1;
				LastSwiftUpdateCheck = 1420;
				LastUpgradeCheck = 1420;
				TargetAttributes = {
					D05EDCE629A9993500C70443 = {
						CreatedOnToolsVersion = 14.2;
					};
				};
			};
			buildConfigurationList = D05EDCE229A9993500C70443 /* Build configuration list for PBXProject "tableview_workspace" */;
			compatibilityVersion = "Xcode 14.0";
			developmentRegion = en;
			hasScannedForEncodings = 0;
			knownRegions = (
				en,
				Base,
			);
			mainGroup = D05EDCDE29A9993500C70443;
			productRefGroup = D05EDCE829A9993500C70443 /* Products */;
			projectDirPath = "";
			projectRoot = "";
			targets = (
				D05EDCE629A9993500C70443 /* tableview_workspace */,
			);
		};
/* End PBXProject section */

/* Begin PBXResourcesBuildPhase section */
		D05EDCE529A9993500C70443 /* Resources */ = {
			isa = PBXResourcesBuildPhase;
			buildActionMask = 2147483647;
			files = (
				D05EDCF729A9993700C70443 /* LaunchScreen.storyboard in Resources */,
				D05EDCF429A9993700C70443 /* Assets.xcassets in Resources */,
				D05EDCF229A9993500C70443 /* Main.storyboard in Resources */,
			);
			runOnlyForDeploymentPostprocessing = 0;
		};
/* End PBXResourcesBuildPhase section */

/* Begin PBXSourcesBuildPhase section */
		D05EDCE329A9993500C70443 /* Sources */ = {
			isa = PBXSourcesBuildPhase;
			buildActionMask = 2147483647;
			files = (
				D05EDD0729A9E06500C70443 /* Menu.swift in Sources */,
				D05EDD0529A9AE6600C70443 /* CustomTableViewCell.swift in Sources */,
				D05EDD0329A9A25F00C70443 /* FoodType.swift in Sources */,
				D05EDCEF29A9993500C70443 /* ViewController.swift in Sources */,
				D05EDCEB29A9993500C70443 /* AppDelegate.swift in Sources */,
				D05EDCED29A9993500C70443 /* SceneDelegate.swift in Sources */,
			);
			runOnlyForDeploymentPostprocessing = 0;
		};
/* End PBXSourcesBuildPhase section */

/* Begin PBXVariantGroup section */
		D05EDCF029A9993500C70443 /* Main.storyboard */ = {
			isa = PBXVariantGroup;
			children = (
				D05EDCF129A9993500C70443 /* Base */,
			);
			name = Main.storyboard;
			sourceTree = "<group>";
		};
		D05EDCF529A9993700C70443 /* LaunchScreen.storyboard */ = {
			isa = PBXVariantGroup;
			children = (
				D05EDCF629A9993700C70443 /* Base */,
			);
			name = LaunchScreen.storyboard;
			sourceTree = "<group>";
		};
/* End PBXVariantGroup section */

/* Begin XCBuildConfiguration section */
		D05EDCF929A9993700C70443 /* Debug */ = {
			isa = XCBuildConfiguration;
			buildSettings = {
				ALWAYS_SEARCH_USER_PATHS = NO;
				CLANG_ANALYZER_NONNULL = YES;
				CLANG_ANALYZER_NUMBER_OBJECT_CONVERSION = YES_AGGRESSIVE;
				CLANG_CXX_LANGUAGE_STANDARD = "gnu++20";
				CLANG_ENABLE_MODULES = YES;
				CLANG_ENABLE_OBJC_ARC = YES;
				CLANG_ENABLE_OBJC_WEAK = YES;
				CLANG_WARN_BLOCK_CAPTURE_AUTORELEASING = YES;
				CLANG_WARN_BOOL_CONVERSION = YES;
				CLANG_WARN_COMMA = YES;
				CLANG_WARN_CONSTANT_CONVERSION = YES;
				CLANG_WARN_DEPRECATED_OBJC_IMPLEMENTATIONS = YES;
				CLANG_WARN_DIRECT_OBJC_ISA_USAGE = YES_ERROR;
				CLANG_WARN_DOCUMENTATION_COMMENTS = YES;
				CLANG_WARN_EMPTY_BODY = YES;
				CLANG_WARN_ENUM_CONVERSION = YES;
				CLANG_WARN_INFINITE_RECURSION = YES;
				CLANG_WARN_INT_CONVERSION = YES;
				CLANG_WARN_NON_LITERAL_NULL_CONVERSION = YES;
				CLANG_WARN_OBJC_IMPLICIT_RETAIN_SELF = YES;
				CLANG_WARN_OBJC_LITERAL_CONVERSION = YES;
				CLANG_WARN_OBJC_ROOT_CLASS = YES_ERROR;
				CLANG_WARN_QUOTED_INCLUDE_IN_FRAMEWORK_HEADER = YES;
				CLANG_WARN_RANGE_LOOP_ANALYSIS = YES;
				CLANG_WARN_STRICT_PROTOTYPES = YES;
				CLANG_WARN_SUSPICIOUS_MOVE = YES;
				CLANG_WARN_UNGUARDED_AVAILABILITY = YES_AGGRESSIVE;
				CLANG_WARN_UNREACHABLE_CODE = YES;
				CLANG_WARN__DUPLICATE_METHOD_MATCH = YES;
				COPY_PHASE_STRIP = NO;
				DEBUG_INFORMATION_FORMAT = dwarf;
				ENABLE_STRICT_OBJC_MSGSEND = YES;
				ENABLE_TESTABILITY = YES;
				GCC_C_LANGUAGE_STANDARD = gnu11;
				GCC_DYNAMIC_NO_PIC = NO;
				GCC_NO_COMMON_BLOCKS = YES;
				GCC_OPTIMIZATION_LEVEL = 0;
				GCC_PREPROCESSOR_DEFINITIONS = (
					"DEBUG=1",
					"$(inherited)",
				);
				GCC_WARN_64_TO_32_BIT_CONVERSION = YES;
				GCC_WARN_ABOUT_RETURN_TYPE = YES_ERROR;
				GCC_WARN_UNDECLARED_SELECTOR = YES;
				GCC_WARN_UNINITIALIZED_AUTOS = YES_AGGRESSIVE;
				GCC_WARN_UNUSED_FUNCTION = YES;
				GCC_WARN_UNUSED_VARIABLE = YES;
				IPHONEOS_DEPLOYMENT_TARGET = 16.2;
				MTL_ENABLE_DEBUG_INFO = INCLUDE_SOURCE;
				MTL_FAST_MATH = YES;
				ONLY_ACTIVE_ARCH = YES;
				SDKROOT = iphoneos;
				SWIFT_ACTIVE_COMPILATION_CONDITIONS = DEBUG;
				SWIFT_OPTIMIZATION_LEVEL = "-Onone";
			};
			name = Debug;
		};
		D05EDCFA29A9993700C70443 /* Release */ = {
			isa = XCBuildConfiguration;
			buildSettings = {
				ALWAYS_SEARCH_USER_PATHS = NO;
				CLANG_ANALYZER_NONNULL = YES;
				CLANG_ANALYZER_NUMBER_OBJECT_CONVERSION = YES_AGGRESSIVE;
				CLANG_CXX_LANGUAGE_STANDARD = "gnu++20";
				CLANG_ENABLE_MODULES = YES;
				CLANG_ENABLE_OBJC_ARC = YES;
				CLANG_ENABLE_OBJC_WEAK = YES;
				CLANG_WARN_BLOCK_CAPTURE_AUTORELEASING = YES;
				CLANG_WARN_BOOL_CONVERSION = YES;
				CLANG_WARN_COMMA = YES;
				CLANG_WARN_CONSTANT_CONVERSION = YES;
				CLANG_WARN_DEPRECATED_OBJC_IMPLEMENTATIONS = YES;
				CLANG_WARN_DIRECT_OBJC_ISA_USAGE = YES_ERROR;
				CLANG_WARN_DOCUMENTATION_COMMENTS = YES;
				CLANG_WARN_EMPTY_BODY = YES;
				CLANG_WARN_ENUM_CONVERSION = YES;
				CLANG_WARN_INFINITE_RECURSION = YES;
				CLANG_WARN_INT_CONVERSION = YES;
				CLANG_WARN_NON_LITERAL_NULL_CONVERSION = YES;
				CLANG_WARN_OBJC_IMPLICIT_RETAIN_SELF = YES;
				CLANG_WARN_OBJC_LITERAL_CONVERSION = YES;
				CLANG_WARN_OBJC_ROOT_CLASS = YES_ERROR;
				CLANG_WARN_QUOTED_INCLUDE_IN_FRAMEWORK_HEADER = YES;
				CLANG_WARN_RANGE_LOOP_ANALYSIS = YES;
				CLANG_WARN_STRICT_PROTOTYPES = YES;
				CLANG_WARN_SUSPICIOUS_MOVE = YES;
				CLANG_WARN_UNGUARDED_AVAILABILITY = YES_AGGRESSIVE;
				CLANG_WARN_UNREACHABLE_CODE = YES;
				CLANG_WARN__DUPLICATE_METHOD_MATCH = YES;
				COPY_PHASE_STRIP = NO;
				DEBUG_INFORMATION_FORMAT = "dwarf-with-dsym";
				ENABLE_NS_ASSERTIONS = NO;
				ENABLE_STRICT_OBJC_MSGSEND = YES;
				GCC_C_LANGUAGE_STANDARD = gnu11;
				GCC_NO_COMMON_BLOCKS = YES;
				GCC_WARN_64_TO_32_BIT_CONVERSION = YES;
				GCC_WARN_ABOUT_RETURN_TYPE = YES_ERROR;
				GCC_WARN_UNDECLARED_SELECTOR = YES;
				GCC_WARN_UNINITIALIZED_AUTOS = YES_AGGRESSIVE;
				GCC_WARN_UNUSED_FUNCTION = YES;
				GCC_WARN_UNUSED_VARIABLE = YES;
				IPHONEOS_DEPLOYMENT_TARGET = 16.2;
				MTL_ENABLE_DEBUG_INFO = NO;
				MTL_FAST_MATH = YES;
				SDKROOT = iphoneos;
				SWIFT_COMPILATION_MODE = wholemodule;
				SWIFT_OPTIMIZATION_LEVEL = "-O";
				VALIDATE_PRODUCT = YES;
			};
			name = Release;
		};
		D05EDCFC29A9993700C70443 /* Debug */ = {
			isa = XCBuildConfiguration;
			buildSettings = {
				ASSETCATALOG_COMPILER_APPICON_NAME = AppIcon;
				ASSETCATALOG_COMPILER_GLOBAL_ACCENT_COLOR_NAME = AccentColor;
				CODE_SIGN_STYLE = Automatic;
				CURRENT_PROJECT_VERSION = 1;
				DEVELOPMENT_TEAM = U7WG3SYKJM;
				GENERATE_INFOPLIST_FILE = YES;
				INFOPLIST_FILE = tableview_workspace/Info.plist;
				INFOPLIST_KEY_UIApplicationSupportsIndirectInputEvents = YES;
				INFOPLIST_KEY_UILaunchStoryboardName = LaunchScreen;
				INFOPLIST_KEY_UIMainStoryboardFile = Main;
				INFOPLIST_KEY_UISupportedInterfaceOrientations_iPad = "UIInterfaceOrientationPortrait UIInterfaceOrientationPortraitUpsideDown UIInterfaceOrientationLandscapeLeft UIInterfaceOrientationLandscapeRight";
				INFOPLIST_KEY_UISupportedInterfaceOrientations_iPhone = "UIInterfaceOrientationPortrait UIInterfaceOrientationLandscapeLeft UIInterfaceOrientationLandscapeRight";
				LD_RUNPATH_SEARCH_PATHS = (
					"$(inherited)",
					"@executable_path/Frameworks",
				);
				MARKETING_VERSION = 1.0;
				PRODUCT_BUNDLE_IDENTIFIER = "com.jinahpark.tableview-workspace";
				PRODUCT_NAME = "$(TARGET_NAME)";
				SWIFT_EMIT_LOC_STRINGS = YES;
				SWIFT_VERSION = 5.0;
				TARGETED_DEVICE_FAMILY = "1,2";
			};
			name = Debug;
		};
		D05EDCFD29A9993700C70443 /* Release */ = {
			isa = XCBuildConfiguration;
			buildSettings = {
				ASSETCATALOG_COMPILER_APPICON_NAME = AppIcon;
				ASSETCATALOG_COMPILER_GLOBAL_ACCENT_COLOR_NAME = AccentColor;
				CODE_SIGN_STYLE = Automatic;
				CURRENT_PROJECT_VERSION = 1;
				DEVELOPMENT_TEAM = U7WG3SYKJM;
				GENERATE_INFOPLIST_FILE = YES;
				INFOPLIST_FILE = tableview_workspace/Info.plist;
				INFOPLIST_KEY_UIApplicationSupportsIndirectInputEvents = YES;
				INFOPLIST_KEY_UILaunchStoryboardName = LaunchScreen;
				INFOPLIST_KEY_UIMainStoryboardFile = Main;
				INFOPLIST_KEY_UISupportedInterfaceOrientations_iPad = "UIInterfaceOrientationPortrait UIInterfaceOrientationPortraitUpsideDown UIInterfaceOrientationLandscapeLeft UIInterfaceOrientationLandscapeRight";
				INFOPLIST_KEY_UISupportedInterfaceOrientations_iPhone = "UIInterfaceOrientationPortrait UIInterfaceOrientationLandscapeLeft UIInterfaceOrientationLandscapeRight";
				LD_RUNPATH_SEARCH_PATHS = (
					"$(inherited)",
					"@executable_path/Frameworks",
				);
				MARKETING_VERSION = 1.0;
				PRODUCT_BUNDLE_IDENTIFIER = "com.jinahpark.tableview-workspace";
				PRODUCT_NAME = "$(TARGET_NAME)";
				SWIFT_EMIT_LOC_STRINGS = YES;
				SWIFT_VERSION = 5.0;
				TARGETED_DEVICE_FAMILY = "1,2";
			};
			name = Release;
		};
/* End XCBuildConfiguration section */

/* Begin XCConfigurationList section */
		D05EDCE229A9993500C70443 /* Build configuration list for PBXProject "tableview_workspace" */ = {
			isa = XCConfigurationList;
			buildConfigurations = (
				D05EDCF929A9993700C70443 /* Debug */,
				D05EDCFA29A9993700C70443 /* Release */,
			);
			defaultConfigurationIsVisible = 0;
			defaultConfigurationName = Release;
		};
		D05EDCFB29A9993700C70443 /* Build configuration list for PBXNativeTarget "tableview_workspace" */ = {
			isa = XCConfigurationList;
			buildConfigurations = (
				D05EDCFC29A9993700C70443 /* Debug */,
				D05EDCFD29A9993700C70443 /* Release */,
			);
			defaultConfigurationIsVisible = 0;
			defaultConfigurationName = Release;
		};
/* End XCConfigurationList section */
	};
	rootObject = D05EDCDF29A9993500C70443 /* Project object */;
}
