// !$*UTF8*$!
{
	archiveVersion = 1;
	classes = {
	};
	objectVersion = 56;
	objects = {

/* Begin PBXBuildFile section */
		26C69AC9297B6A2C00F91D1E /* main.swift in Sources */ = {isa = PBXBuildFile; fileRef = 26C69AC8297B6A2C00F91D1E /* main.swift */; };
		26C69AD0297B6A5600F91D1E /* CoffeeMenu.swift in Sources */ = {isa = PBXBuildFile; fileRef = 26C69ACF297B6A5600F91D1E /* CoffeeMenu.swift */; };
		26C69AD2297B6AD700F91D1E /* Coffee.swift in Sources */ = {isa = PBXBuildFile; fileRef = 26C69AD1297B6AD700F91D1E /* Coffee.swift */; };
		26C69AD4297B6B4D00F91D1E /* Person.swift in Sources */ = {isa = PBXBuildFile; fileRef = 26C69AD3297B6B4D00F91D1E /* Person.swift */; };
		26C69AD6297B6BB000F91D1E /* CafeManager.swift in Sources */ = {isa = PBXBuildFile; fileRef = 26C69AD5297B6BB000F91D1E /* CafeManager.swift */; };
		26C69AD8297B6C4F00F91D1E /* CoffeeShop.swift in Sources */ = {isa = PBXBuildFile; fileRef = 26C69AD7297B6C4F00F91D1E /* CoffeeShop.swift */; };
/* End PBXBuildFile section */

/* Begin PBXCopyFilesBuildPhase section */
		26C69AC3297B6A2C00F91D1E /* CopyFiles */ = {
			isa = PBXCopyFilesBuildPhase;
			buildActionMask = 2147483647;
			dstPath = /usr/share/man/man1/;
			dstSubfolderSpec = 0;
			files = (
			);
			runOnlyForDeploymentPostprocessing = 1;
		};
/* End PBXCopyFilesBuildPhase section */

/* Begin PBXFileReference section */
		26C69AC5297B6A2C00F91D1E /* UML */ = {isa = PBXFileReference; explicitFileType = "compiled.mach-o.executable"; includeInIndex = 0; path = UML; sourceTree = BUILT_PRODUCTS_DIR; };
		26C69AC8297B6A2C00F91D1E /* main.swift */ = {isa = PBXFileReference; lastKnownFileType = sourcecode.swift; path = main.swift; sourceTree = "<group>"; };
		26C69ACF297B6A5600F91D1E /* CoffeeMenu.swift */ = {isa = PBXFileReference; lastKnownFileType = sourcecode.swift; path = CoffeeMenu.swift; sourceTree = "<group>"; };
		26C69AD1297B6AD700F91D1E /* Coffee.swift */ = {isa = PBXFileReference; lastKnownFileType = sourcecode.swift; path = Coffee.swift; sourceTree = "<group>"; };
		26C69AD3297B6B4D00F91D1E /* Person.swift */ = {isa = PBXFileReference; lastKnownFileType = sourcecode.swift; path = Person.swift; sourceTree = "<group>"; };
		26C69AD5297B6BB000F91D1E /* CafeManager.swift */ = {isa = PBXFileReference; lastKnownFileType = sourcecode.swift; path = CafeManager.swift; sourceTree = "<group>"; };
		26C69AD7297B6C4F00F91D1E /* CoffeeShop.swift */ = {isa = PBXFileReference; lastKnownFileType = sourcecode.swift; path = CoffeeShop.swift; sourceTree = "<group>"; };
/* End PBXFileReference section */

/* Begin PBXFrameworksBuildPhase section */
		26C69AC2297B6A2C00F91D1E /* Frameworks */ = {
			isa = PBXFrameworksBuildPhase;
			buildActionMask = 2147483647;
			files = (
			);
			runOnlyForDeploymentPostprocessing = 0;
		};
/* End PBXFrameworksBuildPhase section */

/* Begin PBXGroup section */
		26C69ABC297B6A2C00F91D1E = {
			isa = PBXGroup;
			children = (
				26C69AC7297B6A2C00F91D1E /* UML */,
				26C69AC6297B6A2C00F91D1E /* Products */,
			);
			sourceTree = "<group>";
		};
		26C69AC6297B6A2C00F91D1E /* Products */ = {
			isa = PBXGroup;
			children = (
				26C69AC5297B6A2C00F91D1E /* UML */,
			);
			name = Products;
			sourceTree = "<group>";
		};
		26C69AC7297B6A2C00F91D1E /* UML */ = {
			isa = PBXGroup;
			children = (
				26C69AC8297B6A2C00F91D1E /* main.swift */,
				26C69ACF297B6A5600F91D1E /* CoffeeMenu.swift */,
				26C69AD1297B6AD700F91D1E /* Coffee.swift */,
				26C69AD3297B6B4D00F91D1E /* Person.swift */,
				26C69AD5297B6BB000F91D1E /* CafeManager.swift */,
				26C69AD7297B6C4F00F91D1E /* CoffeeShop.swift */,
			);
			path = UML;
			sourceTree = "<group>";
		};
/* End PBXGroup section */

/* Begin PBXNativeTarget section */
		26C69AC4297B6A2C00F91D1E /* UML */ = {
			isa = PBXNativeTarget;
			buildConfigurationList = 26C69ACC297B6A2C00F91D1E /* Build configuration list for PBXNativeTarget "UML" */;
			buildPhases = (
				26C69AC1297B6A2C00F91D1E /* Sources */,
				26C69AC2297B6A2C00F91D1E /* Frameworks */,
				26C69AC3297B6A2C00F91D1E /* CopyFiles */,
			);
			buildRules = (
			);
			dependencies = (
			);
			name = UML;
			productName = UML;
			productReference = 26C69AC5297B6A2C00F91D1E /* UML */;
			productType = "com.apple.product-type.tool";
		};
/* End PBXNativeTarget section */

/* Begin PBXProject section */
		26C69ABD297B6A2C00F91D1E /* Project object */ = {
			isa = PBXProject;
			attributes = {
				BuildIndependentTargetsInParallel = 1;
				LastSwiftUpdateCheck = 1420;
				LastUpgradeCheck = 1420;
				TargetAttributes = {
					26C69AC4297B6A2C00F91D1E = {
						CreatedOnToolsVersion = 14.2;
					};
				};
			};
			buildConfigurationList = 26C69AC0297B6A2C00F91D1E /* Build configuration list for PBXProject "UML" */;
			compatibilityVersion = "Xcode 14.0";
			developmentRegion = en;
			hasScannedForEncodings = 0;
			knownRegions = (
				en,
				Base,
			);
			mainGroup = 26C69ABC297B6A2C00F91D1E;
			productRefGroup = 26C69AC6297B6A2C00F91D1E /* Products */;
			projectDirPath = "";
			projectRoot = "";
			targets = (
				26C69AC4297B6A2C00F91D1E /* UML */,
			);
		};
/* End PBXProject section */

/* Begin PBXSourcesBuildPhase section */
		26C69AC1297B6A2C00F91D1E /* Sources */ = {
			isa = PBXSourcesBuildPhase;
			buildActionMask = 2147483647;
			files = (
				26C69AD0297B6A5600F91D1E /* CoffeeMenu.swift in Sources */,
				26C69AC9297B6A2C00F91D1E /* main.swift in Sources */,
				26C69AD4297B6B4D00F91D1E /* Person.swift in Sources */,
				26C69AD8297B6C4F00F91D1E /* CoffeeShop.swift in Sources */,
				26C69AD2297B6AD700F91D1E /* Coffee.swift in Sources */,
				26C69AD6297B6BB000F91D1E /* CafeManager.swift in Sources */,
			);
			runOnlyForDeploymentPostprocessing = 0;
		};
/* End PBXSourcesBuildPhase section */

/* Begin XCBuildConfiguration section */
		26C69ACA297B6A2C00F91D1E /* Debug */ = {
			isa = XCBuildConfiguration;
			buildSettings = {
				ALWAYS_SEARCH_USER_PATHS = NO;
				CLANG_ANALYZER_NONNULL = YES;
				CLANG_ANALYZER_NUMBER_OBJECT_CONVERSION = YES_AGGRESSIVE;
				CLANG_CXX_LANGUAGE_STANDARD = "gnu++20";
				CLANG_ENABLE_MODULES = YES;
				CLANG_ENABLE_OBJC_ARC = YES;
				CLANG_ENABLE_OBJC_WEAK = YES;
				CLANG_WARN_BLOCK_CAPTURE_AUTORELEASING = YES;
				CLANG_WARN_BOOL_CONVERSION = YES;
				CLANG_WARN_COMMA = YES;
				CLANG_WARN_CONSTANT_CONVERSION = YES;
				CLANG_WARN_DEPRECATED_OBJC_IMPLEMENTATIONS = YES;
				CLANG_WARN_DIRECT_OBJC_ISA_USAGE = YES_ERROR;
				CLANG_WARN_DOCUMENTATION_COMMENTS = YES;
				CLANG_WARN_EMPTY_BODY = YES;
				CLANG_WARN_ENUM_CONVERSION = YES;
				CLANG_WARN_INFINITE_RECURSION = YES;
				CLANG_WARN_INT_CONVERSION = YES;
				CLANG_WARN_NON_LITERAL_NULL_CONVERSION = YES;
				CLANG_WARN_OBJC_IMPLICIT_RETAIN_SELF = YES;
				CLANG_WARN_OBJC_LITERAL_CONVERSION = YES;
				CLANG_WARN_OBJC_ROOT_CLASS = YES_ERROR;
				CLANG_WARN_QUOTED_INCLUDE_IN_FRAMEWORK_HEADER = YES;
				CLANG_WARN_RANGE_LOOP_ANALYSIS = YES;
				CLANG_WARN_STRICT_PROTOTYPES = YES;
				CLANG_WARN_SUSPICIOUS_MOVE = YES;
				CLANG_WARN_UNGUARDED_AVAILABILITY = YES_AGGRESSIVE;
				CLANG_WARN_UNREACHABLE_CODE = YES;
				CLANG_WARN__DUPLICATE_METHOD_MATCH = YES;
				COPY_PHASE_STRIP = NO;
				DEBUG_INFORMATION_FORMAT = dwarf;
				ENABLE_STRICT_OBJC_MSGSEND = YES;
				ENABLE_TESTABILITY = YES;
				GCC_C_LANGUAGE_STANDARD = gnu11;
				GCC_DYNAMIC_NO_PIC = NO;
				GCC_NO_COMMON_BLOCKS = YES;
				GCC_OPTIMIZATION_LEVEL = 0;
				GCC_PREPROCESSOR_DEFINITIONS = (
					"DEBUG=1",
					"$(inherited)",
				);
				GCC_WARN_64_TO_32_BIT_CONVERSION = YES;
				GCC_WARN_ABOUT_RETURN_TYPE = YES_ERROR;
				GCC_WARN_UNDECLARED_SELECTOR = YES;
				GCC_WARN_UNINITIALIZED_AUTOS = YES_AGGRESSIVE;
				GCC_WARN_UNUSED_FUNCTION = YES;
				GCC_WARN_UNUSED_VARIABLE = YES;
				MACOSX_DEPLOYMENT_TARGET = 13.1;
				MTL_ENABLE_DEBUG_INFO = INCLUDE_SOURCE;
				MTL_FAST_MATH = YES;
				ONLY_ACTIVE_ARCH = YES;
				SDKROOT = macosx;
				SWIFT_ACTIVE_COMPILATION_CONDITIONS = DEBUG;
				SWIFT_OPTIMIZATION_LEVEL = "-Onone";
			};
			name = Debug;
		};
		26C69ACB297B6A2C00F91D1E /* Release */ = {
			isa = XCBuildConfiguration;
			buildSettings = {
				ALWAYS_SEARCH_USER_PATHS = NO;
				CLANG_ANALYZER_NONNULL = YES;
				CLANG_ANALYZER_NUMBER_OBJECT_CONVERSION = YES_AGGRESSIVE;
				CLANG_CXX_LANGUAGE_STANDARD = "gnu++20";
				CLANG_ENABLE_MODULES = YES;
				CLANG_ENABLE_OBJC_ARC = YES;
				CLANG_ENABLE_OBJC_WEAK = YES;
				CLANG_WARN_BLOCK_CAPTURE_AUTORELEASING = YES;
				CLANG_WARN_BOOL_CONVERSION = YES;
				CLANG_WARN_COMMA = YES;
				CLANG_WARN_CONSTANT_CONVERSION = YES;
				CLANG_WARN_DEPRECATED_OBJC_IMPLEMENTATIONS = YES;
				CLANG_WARN_DIRECT_OBJC_ISA_USAGE = YES_ERROR;
				CLANG_WARN_DOCUMENTATION_COMMENTS = YES;
				CLANG_WARN_EMPTY_BODY = YES;
				CLANG_WARN_ENUM_CONVERSION = YES;
				CLANG_WARN_INFINITE_RECURSION = YES;
				CLANG_WARN_INT_CONVERSION = YES;
				CLANG_WARN_NON_LITERAL_NULL_CONVERSION = YES;
				CLANG_WARN_OBJC_IMPLICIT_RETAIN_SELF = YES;
				CLANG_WARN_OBJC_LITERAL_CONVERSION = YES;
				CLANG_WARN_OBJC_ROOT_CLASS = YES_ERROR;
				CLANG_WARN_QUOTED_INCLUDE_IN_FRAMEWORK_HEADER = YES;
				CLANG_WARN_RANGE_LOOP_ANALYSIS = YES;
				CLANG_WARN_STRICT_PROTOTYPES = YES;
				CLANG_WARN_SUSPICIOUS_MOVE = YES;
				CLANG_WARN_UNGUARDED_AVAILABILITY = YES_AGGRESSIVE;
				CLANG_WARN_UNREACHABLE_CODE = YES;
				CLANG_WARN__DUPLICATE_METHOD_MATCH = YES;
				COPY_PHASE_STRIP = NO;
				DEBUG_INFORMATION_FORMAT = "dwarf-with-dsym";
				ENABLE_NS_ASSERTIONS = NO;
				ENABLE_STRICT_OBJC_MSGSEND = YES;
				GCC_C_LANGUAGE_STANDARD = gnu11;
				GCC_NO_COMMON_BLOCKS = YES;
				GCC_WARN_64_TO_32_BIT_CONVERSION = YES;
				GCC_WARN_ABOUT_RETURN_TYPE = YES_ERROR;
				GCC_WARN_UNDECLARED_SELECTOR = YES;
				GCC_WARN_UNINITIALIZED_AUTOS = YES_AGGRESSIVE;
				GCC_WARN_UNUSED_FUNCTION = YES;
				GCC_WARN_UNUSED_VARIABLE = YES;
				MACOSX_DEPLOYMENT_TARGET = 13.1;
				MTL_ENABLE_DEBUG_INFO = NO;
				MTL_FAST_MATH = YES;
				SDKROOT = macosx;
				SWIFT_COMPILATION_MODE = wholemodule;
				SWIFT_OPTIMIZATION_LEVEL = "-O";
			};
			name = Release;
		};
		26C69ACD297B6A2C00F91D1E /* Debug */ = {
			isa = XCBuildConfiguration;
			buildSettings = {
				CODE_SIGN_STYLE = Automatic;
				DEVELOPMENT_TEAM = 58JZ3489C7;
				ENABLE_HARDENED_RUNTIME = YES;
				PRODUCT_NAME = "$(TARGET_NAME)";
				SWIFT_VERSION = 5.0;
			};
			name = Debug;
		};
		26C69ACE297B6A2C00F91D1E /* Release */ = {
			isa = XCBuildConfiguration;
			buildSettings = {
				CODE_SIGN_STYLE = Automatic;
				DEVELOPMENT_TEAM = 58JZ3489C7;
				ENABLE_HARDENED_RUNTIME = YES;
				PRODUCT_NAME = "$(TARGET_NAME)";
				SWIFT_VERSION = 5.0;
			};
			name = Release;
		};
/* End XCBuildConfiguration section */

/* Begin XCConfigurationList section */
		26C69AC0297B6A2C00F91D1E /* Build configuration list for PBXProject "UML" */ = {
			isa = XCConfigurationList;
			buildConfigurations = (
				26C69ACA297B6A2C00F91D1E /* Debug */,
				26C69ACB297B6A2C00F91D1E /* Release */,
			);
			defaultConfigurationIsVisible = 0;
			defaultConfigurationName = Release;
		};
		26C69ACC297B6A2C00F91D1E /* Build configuration list for PBXNativeTarget "UML" */ = {
			isa = XCConfigurationList;
			buildConfigurations = (
				26C69ACD297B6A2C00F91D1E /* Debug */,
				26C69ACE297B6A2C00F91D1E /* Release */,
			);
			defaultConfigurationIsVisible = 0;
			defaultConfigurationName = Release;
		};
/* End XCConfigurationList section */
	};
	rootObject = 26C69ABD297B6A2C00F91D1E /* Project object */;
}
