// !$*UTF8*$!
{
	archiveVersion = 1;
	classes = {
	};
	objectVersion = 56;
	objects = {

/* Begin PBXBuildFile section */
		263BF97329A998EE00DAFE69 /* AppDelegate.swift in Sources */ = {isa = PBXBuildFile; fileRef = 263BF97229A998EE00DAFE69 /* AppDelegate.swift */; };
		263BF97529A998EE00DAFE69 /* SceneDelegate.swift in Sources */ = {isa = PBXBuildFile; fileRef = 263BF97429A998EE00DAFE69 /* SceneDelegate.swift */; };
		263BF97729A998EE00DAFE69 /* ViewController.swift in Sources */ = {isa = PBXBuildFile; fileRef = 263BF97629A998EE00DAFE69 /* ViewController.swift */; };
		263BF97A29A998EE00DAFE69 /* Main.storyboard in Resources */ = {isa = PBXBuildFile; fileRef = 263BF97829A998EE00DAFE69 /* Main.storyboard */; };
		263BF97C29A998F000DAFE69 /* Assets.xcassets in Resources */ = {isa = PBXBuildFile; fileRef = 263BF97B29A998F000DAFE69 /* Assets.xcassets */; };
		263BF97F29A998F000DAFE69 /* LaunchScreen.storyboard in Resources */ = {isa = PBXBuildFile; fileRef = 263BF97D29A998F000DAFE69 /* LaunchScreen.storyboard */; };
		263BF98729A99ACD00DAFE69 /* MenuCell.swift in Sources */ = {isa = PBXBuildFile; fileRef = 263BF98629A99ACD00DAFE69 /* MenuCell.swift */; };
		263BF98929A9A06700DAFE69 /* MenuTableViewController.swift in Sources */ = {isa = PBXBuildFile; fileRef = 263BF98829A9A06700DAFE69 /* MenuTableViewController.swift */; };
		263BF98B29A9A29C00DAFE69 /* MenuTableCell.swift in Sources */ = {isa = PBXBuildFile; fileRef = 263BF98A29A9A29C00DAFE69 /* MenuTableCell.swift */; };
/* End PBXBuildFile section */

/* Begin PBXFileReference section */
		263BF96F29A998EE00DAFE69 /* MenuTableView.app */ = {isa = PBXFileReference; explicitFileType = wrapper.application; includeInIndex = 0; path = MenuTableView.app; sourceTree = BUILT_PRODUCTS_DIR; };
		263BF97229A998EE00DAFE69 /* AppDelegate.swift */ = {isa = PBXFileReference; lastKnownFileType = sourcecode.swift; path = AppDelegate.swift; sourceTree = "<group>"; };
		263BF97429A998EE00DAFE69 /* SceneDelegate.swift */ = {isa = PBXFileReference; lastKnownFileType = sourcecode.swift; path = SceneDelegate.swift; sourceTree = "<group>"; };
		263BF97629A998EE00DAFE69 /* ViewController.swift */ = {isa = PBXFileReference; lastKnownFileType = sourcecode.swift; path = ViewController.swift; sourceTree = "<group>"; };
		263BF97929A998EE00DAFE69 /* Base */ = {isa = PBXFileReference; lastKnownFileType = file.storyboard; name = Base; path = Base.lproj/Main.storyboard; sourceTree = "<group>"; };
		263BF97B29A998F000DAFE69 /* Assets.xcassets */ = {isa = PBXFileReference; lastKnownFileType = folder.assetcatalog; path = Assets.xcassets; sourceTree = "<group>"; };
		263BF97E29A998F000DAFE69 /* Base */ = {isa = PBXFileReference; lastKnownFileType = file.storyboard; name = Base; path = Base.lproj/LaunchScreen.storyboard; sourceTree = "<group>"; };
		263BF98029A998F000DAFE69 /* Info.plist */ = {isa = PBXFileReference; lastKnownFileType = text.plist.xml; path = Info.plist; sourceTree = "<group>"; };
		263BF98629A99ACD00DAFE69 /* MenuCell.swift */ = {isa = PBXFileReference; lastKnownFileType = sourcecode.swift; path = MenuCell.swift; sourceTree = "<group>"; };
		263BF98829A9A06700DAFE69 /* MenuTableViewController.swift */ = {isa = PBXFileReference; lastKnownFileType = sourcecode.swift; path = MenuTableViewController.swift; sourceTree = "<group>"; };
		263BF98A29A9A29C00DAFE69 /* MenuTableCell.swift */ = {isa = PBXFileReference; lastKnownFileType = sourcecode.swift; path = MenuTableCell.swift; sourceTree = "<group>"; };
/* End PBXFileReference section */

/* Begin PBXFrameworksBuildPhase section */
		263BF96C29A998EE00DAFE69 /* Frameworks */ = {
			isa = PBXFrameworksBuildPhase;
			buildActionMask = 2147483647;
			files = (
			);
			runOnlyForDeploymentPostprocessing = 0;
		};
/* End PBXFrameworksBuildPhase section */

/* Begin PBXGroup section */
		263BF96629A998EE00DAFE69 = {
			isa = PBXGroup;
			children = (
				263BF97129A998EE00DAFE69 /* MenuTableView */,
				263BF97029A998EE00DAFE69 /* Products */,
			);
			sourceTree = "<group>";
		};
		263BF97029A998EE00DAFE69 /* Products */ = {
			isa = PBXGroup;
			children = (
				263BF96F29A998EE00DAFE69 /* MenuTableView.app */,
			);
			name = Products;
			sourceTree = "<group>";
		};
		263BF97129A998EE00DAFE69 /* MenuTableView */ = {
			isa = PBXGroup;
			children = (
				263BF97229A998EE00DAFE69 /* AppDelegate.swift */,
				263BF97429A998EE00DAFE69 /* SceneDelegate.swift */,
				263BF97629A998EE00DAFE69 /* ViewController.swift */,
				263BF97829A998EE00DAFE69 /* Main.storyboard */,
				263BF97B29A998F000DAFE69 /* Assets.xcassets */,
				263BF97D29A998F000DAFE69 /* LaunchScreen.storyboard */,
				263BF98029A998F000DAFE69 /* Info.plist */,
				263BF98629A99ACD00DAFE69 /* MenuCell.swift */,
				263BF98829A9A06700DAFE69 /* MenuTableViewController.swift */,
				263BF98A29A9A29C00DAFE69 /* MenuTableCell.swift */,
			);
			path = MenuTableView;
			sourceTree = "<group>";
		};
/* End PBXGroup section */

/* Begin PBXNativeTarget section */
		263BF96E29A998EE00DAFE69 /* MenuTableView */ = {
			isa = PBXNativeTarget;
			buildConfigurationList = 263BF98329A998F000DAFE69 /* Build configuration list for PBXNativeTarget "MenuTableView" */;
			buildPhases = (
				263BF96B29A998EE00DAFE69 /* Sources */,
				263BF96C29A998EE00DAFE69 /* Frameworks */,
				263BF96D29A998EE00DAFE69 /* Resources */,
			);
			buildRules = (
			);
			dependencies = (
			);
			name = MenuTableView;
			productName = MenuTableView;
			productReference = 263BF96F29A998EE00DAFE69 /* MenuTableView.app */;
			productType = "com.apple.product-type.application";
		};
/* End PBXNativeTarget section */

/* Begin PBXProject section */
		263BF96729A998EE00DAFE69 /* Project object */ = {
			isa = PBXProject;
			attributes = {
				BuildIndependentTargetsInParallel = 1;
				LastSwiftUpdateCheck = 1420;
				LastUpgradeCheck = 1420;
				TargetAttributes = {
					263BF96E29A998EE00DAFE69 = {
						CreatedOnToolsVersion = 14.2;
					};
				};
			};
			buildConfigurationList = 263BF96A29A998EE00DAFE69 /* Build configuration list for PBXProject "MenuTableView" */;
			compatibilityVersion = "Xcode 14.0";
			developmentRegion = en;
			hasScannedForEncodings = 0;
			knownRegions = (
				en,
				Base,
			);
			mainGroup = 263BF96629A998EE00DAFE69;
			productRefGroup = 263BF97029A998EE00DAFE69 /* Products */;
			projectDirPath = "";
			projectRoot = "";
			targets = (
				263BF96E29A998EE00DAFE69 /* MenuTableView */,
			);
		};
/* End PBXProject section */

/* Begin PBXResourcesBuildPhase section */
		263BF96D29A998EE00DAFE69 /* Resources */ = {
			isa = PBXResourcesBuildPhase;
			buildActionMask = 2147483647;
			files = (
				263BF97F29A998F000DAFE69 /* LaunchScreen.storyboard in Resources */,
				263BF97C29A998F000DAFE69 /* Assets.xcassets in Resources */,
				263BF97A29A998EE00DAFE69 /* Main.storyboard in Resources */,
			);
			runOnlyForDeploymentPostprocessing = 0;
		};
/* End PBXResourcesBuildPhase section */

/* Begin PBXSourcesBuildPhase section */
		263BF96B29A998EE00DAFE69 /* Sources */ = {
			isa = PBXSourcesBuildPhase;
			buildActionMask = 2147483647;
			files = (
				263BF97729A998EE00DAFE69 /* ViewController.swift in Sources */,
				263BF98B29A9A29C00DAFE69 /* MenuTableCell.swift in Sources */,
				263BF97329A998EE00DAFE69 /* AppDelegate.swift in Sources */,
				263BF98929A9A06700DAFE69 /* MenuTableViewController.swift in Sources */,
				263BF98729A99ACD00DAFE69 /* MenuCell.swift in Sources */,
				263BF97529A998EE00DAFE69 /* SceneDelegate.swift in Sources */,
			);
			runOnlyForDeploymentPostprocessing = 0;
		};
/* End PBXSourcesBuildPhase section */

/* Begin PBXVariantGroup section */
		263BF97829A998EE00DAFE69 /* Main.storyboard */ = {
			isa = PBXVariantGroup;
			children = (
				263BF97929A998EE00DAFE69 /* Base */,
			);
			name = Main.storyboard;
			sourceTree = "<group>";
		};
		263BF97D29A998F000DAFE69 /* LaunchScreen.storyboard */ = {
			isa = PBXVariantGroup;
			children = (
				263BF97E29A998F000DAFE69 /* Base */,
			);
			name = LaunchScreen.storyboard;
			sourceTree = "<group>";
		};
/* End PBXVariantGroup section */

/* Begin XCBuildConfiguration section */
		263BF98129A998F000DAFE69 /* Debug */ = {
			isa = XCBuildConfiguration;
			buildSettings = {
				ALWAYS_SEARCH_USER_PATHS = NO;
				CLANG_ANALYZER_NONNULL = YES;
				CLANG_ANALYZER_NUMBER_OBJECT_CONVERSION = YES_AGGRESSIVE;
				CLANG_CXX_LANGUAGE_STANDARD = "gnu++20";
				CLANG_ENABLE_MODULES = YES;
				CLANG_ENABLE_OBJC_ARC = YES;
				CLANG_ENABLE_OBJC_WEAK = YES;
				CLANG_WARN_BLOCK_CAPTURE_AUTORELEASING = YES;
				CLANG_WARN_BOOL_CONVERSION = YES;
				CLANG_WARN_COMMA = YES;
				CLANG_WARN_CONSTANT_CONVERSION = YES;
				CLANG_WARN_DEPRECATED_OBJC_IMPLEMENTATIONS = YES;
				CLANG_WARN_DIRECT_OBJC_ISA_USAGE = YES_ERROR;
				CLANG_WARN_DOCUMENTATION_COMMENTS = YES;
				CLANG_WARN_EMPTY_BODY = YES;
				CLANG_WARN_ENUM_CONVERSION = YES;
				CLANG_WARN_INFINITE_RECURSION = YES;
				CLANG_WARN_INT_CONVERSION = YES;
				CLANG_WARN_NON_LITERAL_NULL_CONVERSION = YES;
				CLANG_WARN_OBJC_IMPLICIT_RETAIN_SELF = YES;
				CLANG_WARN_OBJC_LITERAL_CONVERSION = YES;
				CLANG_WARN_OBJC_ROOT_CLASS = YES_ERROR;
				CLANG_WARN_QUOTED_INCLUDE_IN_FRAMEWORK_HEADER = YES;
				CLANG_WARN_RANGE_LOOP_ANALYSIS = YES;
				CLANG_WARN_STRICT_PROTOTYPES = YES;
				CLANG_WARN_SUSPICIOUS_MOVE = YES;
				CLANG_WARN_UNGUARDED_AVAILABILITY = YES_AGGRESSIVE;
				CLANG_WARN_UNREACHABLE_CODE = YES;
				CLANG_WARN__DUPLICATE_METHOD_MATCH = YES;
				COPY_PHASE_STRIP = NO;
				DEBUG_INFORMATION_FORMAT = dwarf;
				ENABLE_STRICT_OBJC_MSGSEND = YES;
				ENABLE_TESTABILITY = YES;
				GCC_C_LANGUAGE_STANDARD = gnu11;
				GCC_DYNAMIC_NO_PIC = NO;
				GCC_NO_COMMON_BLOCKS = YES;
				GCC_OPTIMIZATION_LEVEL = 0;
				GCC_PREPROCESSOR_DEFINITIONS = (
					"DEBUG=1",
					"$(inherited)",
				);
				GCC_WARN_64_TO_32_BIT_CONVERSION = YES;
				GCC_WARN_ABOUT_RETURN_TYPE = YES_ERROR;
				GCC_WARN_UNDECLARED_SELECTOR = YES;
				GCC_WARN_UNINITIALIZED_AUTOS = YES_AGGRESSIVE;
				GCC_WARN_UNUSED_FUNCTION = YES;
				GCC_WARN_UNUSED_VARIABLE = YES;
				IPHONEOS_DEPLOYMENT_TARGET = 16.2;
				MTL_ENABLE_DEBUG_INFO = INCLUDE_SOURCE;
				MTL_FAST_MATH = YES;
				ONLY_ACTIVE_ARCH = YES;
				SDKROOT = iphoneos;
				SWIFT_ACTIVE_COMPILATION_CONDITIONS = DEBUG;
				SWIFT_OPTIMIZATION_LEVEL = "-Onone";
			};
			name = Debug;
		};
		263BF98229A998F000DAFE69 /* Release */ = {
			isa = XCBuildConfiguration;
			buildSettings = {
				ALWAYS_SEARCH_USER_PATHS = NO;
				CLANG_ANALYZER_NONNULL = YES;
				CLANG_ANALYZER_NUMBER_OBJECT_CONVERSION = YES_AGGRESSIVE;
				CLANG_CXX_LANGUAGE_STANDARD = "gnu++20";
				CLANG_ENABLE_MODULES = YES;
				CLANG_ENABLE_OBJC_ARC = YES;
				CLANG_ENABLE_OBJC_WEAK = YES;
				CLANG_WARN_BLOCK_CAPTURE_AUTORELEASING = YES;
				CLANG_WARN_BOOL_CONVERSION = YES;
				CLANG_WARN_COMMA = YES;
				CLANG_WARN_CONSTANT_CONVERSION = YES;
				CLANG_WARN_DEPRECATED_OBJC_IMPLEMENTATIONS = YES;
				CLANG_WARN_DIRECT_OBJC_ISA_USAGE = YES_ERROR;
				CLANG_WARN_DOCUMENTATION_COMMENTS = YES;
				CLANG_WARN_EMPTY_BODY = YES;
				CLANG_WARN_ENUM_CONVERSION = YES;
				CLANG_WARN_INFINITE_RECURSION = YES;
				CLANG_WARN_INT_CONVERSION = YES;
				CLANG_WARN_NON_LITERAL_NULL_CONVERSION = YES;
				CLANG_WARN_OBJC_IMPLICIT_RETAIN_SELF = YES;
				CLANG_WARN_OBJC_LITERAL_CONVERSION = YES;
				CLANG_WARN_OBJC_ROOT_CLASS = YES_ERROR;
				CLANG_WARN_QUOTED_INCLUDE_IN_FRAMEWORK_HEADER = YES;
				CLANG_WARN_RANGE_LOOP_ANALYSIS = YES;
				CLANG_WARN_STRICT_PROTOTYPES = YES;
				CLANG_WARN_SUSPICIOUS_MOVE = YES;
				CLANG_WARN_UNGUARDED_AVAILABILITY = YES_AGGRESSIVE;
				CLANG_WARN_UNREACHABLE_CODE = YES;
				CLANG_WARN__DUPLICATE_METHOD_MATCH = YES;
				COPY_PHASE_STRIP = NO;
				DEBUG_INFORMATION_FORMAT = "dwarf-with-dsym";
				ENABLE_NS_ASSERTIONS = NO;
				ENABLE_STRICT_OBJC_MSGSEND = YES;
				GCC_C_LANGUAGE_STANDARD = gnu11;
				GCC_NO_COMMON_BLOCKS = YES;
				GCC_WARN_64_TO_32_BIT_CONVERSION = YES;
				GCC_WARN_ABOUT_RETURN_TYPE = YES_ERROR;
				GCC_WARN_UNDECLARED_SELECTOR = YES;
				GCC_WARN_UNINITIALIZED_AUTOS = YES_AGGRESSIVE;
				GCC_WARN_UNUSED_FUNCTION = YES;
				GCC_WARN_UNUSED_VARIABLE = YES;
				IPHONEOS_DEPLOYMENT_TARGET = 16.2;
				MTL_ENABLE_DEBUG_INFO = NO;
				MTL_FAST_MATH = YES;
				SDKROOT = iphoneos;
				SWIFT_COMPILATION_MODE = wholemodule;
				SWIFT_OPTIMIZATION_LEVEL = "-O";
				VALIDATE_PRODUCT = YES;
			};
			name = Release;
		};
		263BF98429A998F000DAFE69 /* Debug */ = {
			isa = XCBuildConfiguration;
			buildSettings = {
				ASSETCATALOG_COMPILER_APPICON_NAME = AppIcon;
				ASSETCATALOG_COMPILER_GLOBAL_ACCENT_COLOR_NAME = AccentColor;
				CODE_SIGN_STYLE = Automatic;
				CURRENT_PROJECT_VERSION = 1;
				DEVELOPMENT_TEAM = 58JZ3489C7;
				GENERATE_INFOPLIST_FILE = YES;
				INFOPLIST_FILE = MenuTableView/Info.plist;
				INFOPLIST_KEY_UIApplicationSupportsIndirectInputEvents = YES;
				INFOPLIST_KEY_UILaunchStoryboardName = LaunchScreen;
				INFOPLIST_KEY_UIMainStoryboardFile = Main;
				INFOPLIST_KEY_UISupportedInterfaceOrientations_iPad = "UIInterfaceOrientationPortrait UIInterfaceOrientationPortraitUpsideDown UIInterfaceOrientationLandscapeLeft UIInterfaceOrientationLandscapeRight";
				INFOPLIST_KEY_UISupportedInterfaceOrientations_iPhone = "UIInterfaceOrientationPortrait UIInterfaceOrientationLandscapeLeft UIInterfaceOrientationLandscapeRight";
				LD_RUNPATH_SEARCH_PATHS = (
					"$(inherited)",
					"@executable_path/Frameworks",
				);
				MARKETING_VERSION = 1.0;
				PRODUCT_BUNDLE_IDENTIFIER = com.minsu.MenuTableView;
				PRODUCT_NAME = "$(TARGET_NAME)";
				SWIFT_EMIT_LOC_STRINGS = YES;
				SWIFT_VERSION = 5.0;
				TARGETED_DEVICE_FAMILY = "1,2";
			};
			name = Debug;
		};
		263BF98529A998F000DAFE69 /* Release */ = {
			isa = XCBuildConfiguration;
			buildSettings = {
				ASSETCATALOG_COMPILER_APPICON_NAME = AppIcon;
				ASSETCATALOG_COMPILER_GLOBAL_ACCENT_COLOR_NAME = AccentColor;
				CODE_SIGN_STYLE = Automatic;
				CURRENT_PROJECT_VERSION = 1;
				DEVELOPMENT_TEAM = 58JZ3489C7;
				GENERATE_INFOPLIST_FILE = YES;
				INFOPLIST_FILE = MenuTableView/Info.plist;
				INFOPLIST_KEY_UIApplicationSupportsIndirectInputEvents = YES;
				INFOPLIST_KEY_UILaunchStoryboardName = LaunchScreen;
				INFOPLIST_KEY_UIMainStoryboardFile = Main;
				INFOPLIST_KEY_UISupportedInterfaceOrientations_iPad = "UIInterfaceOrientationPortrait UIInterfaceOrientationPortraitUpsideDown UIInterfaceOrientationLandscapeLeft UIInterfaceOrientationLandscapeRight";
				INFOPLIST_KEY_UISupportedInterfaceOrientations_iPhone = "UIInterfaceOrientationPortrait UIInterfaceOrientationLandscapeLeft UIInterfaceOrientationLandscapeRight";
				LD_RUNPATH_SEARCH_PATHS = (
					"$(inherited)",
					"@executable_path/Frameworks",
				);
				MARKETING_VERSION = 1.0;
				PRODUCT_BUNDLE_IDENTIFIER = com.minsu.MenuTableView;
				PRODUCT_NAME = "$(TARGET_NAME)";
				SWIFT_EMIT_LOC_STRINGS = YES;
				SWIFT_VERSION = 5.0;
				TARGETED_DEVICE_FAMILY = "1,2";
			};
			name = Release;
		};
/* End XCBuildConfiguration section */

/* Begin XCConfigurationList section */
		263BF96A29A998EE00DAFE69 /* Build configuration list for PBXProject "MenuTableView" */ = {
			isa = XCConfigurationList;
			buildConfigurations = (
				263BF98129A998F000DAFE69 /* Debug */,
				263BF98229A998F000DAFE69 /* Release */,
			);
			defaultConfigurationIsVisible = 0;
			defaultConfigurationName = Release;
		};
		263BF98329A998F000DAFE69 /* Build configuration list for PBXNativeTarget "MenuTableView" */ = {
			isa = XCConfigurationList;
			buildConfigurations = (
				263BF98429A998F000DAFE69 /* Debug */,
				263BF98529A998F000DAFE69 /* Release */,
			);
			defaultConfigurationIsVisible = 0;
			defaultConfigurationName = Release;
		};
/* End XCConfigurationList section */
	};
	rootObject = 263BF96729A998EE00DAFE69 /* Project object */;
}
